// !$*UTF8*$!
{
	archiveVersion = 1;
	classes = {
	};
	objectVersion = 46;
	objects = {

/* Begin PBXBuildFile section */
		EACF002027A097DD1FE9E185 /* TBMBDefaultPage.m in Sources */ = {isa = PBXBuildFile; fileRef = EACF0D2E1DD71E9AF0C3F6E5 /* TBMBDefaultPage.m */; };
		EACF002BD4B066233DCAAFB1 /* InfoPlist.strings in Resources */ = {isa = PBXBuildFile; fileRef = EACF0E48844C799FD0D1290F /* InfoPlist.strings */; };
		EACF007EB684B9FFA566587A /* TBMBDemoStep1ViewController.m in Sources */ = {isa = PBXBuildFile; fileRef = EACF0FE74DCE1D82713CA357 /* TBMBDemoStep1ViewController.m */; };
		EACF00932398BEB712BC5AA2 /* TBMBNavViewDO.m in Sources */ = {isa = PBXBuildFile; fileRef = EACF064D01635968D981700C /* TBMBNavViewDO.m */; };
		EACF00D25D7E4B534138328A /* TBMBDefaultFacade.m in Sources */ = {isa = PBXBuildFile; fileRef = EACF0755EFB1DAFCA21432B5 /* TBMBDefaultFacade.m */; };
		EACF00F3BB9611C843583809 /* Default@2x.png in Resources */ = {isa = PBXBuildFile; fileRef = EACF0A8ABDAD7B9398C5EB01 /* Default@2x.png */; };
		EACF01054FCCA2B8DF0AE4F6 /* TBMBSimpleSingletonCommand.m in Sources */ = {isa = PBXBuildFile; fileRef = EACF02E376C813FD4025B4F9 /* TBMBSimpleSingletonCommand.m */; };
		EACF01435A94CA5287B435E4 /* MBMvcTests.m in Sources */ = {isa = PBXBuildFile; fileRef = EACF020B04620474C4D795B3 /* MBMvcTests.m */; };
		EACF0158E560AABE8121EFD0 /* TBMBBind.m in Sources */ = {isa = PBXBuildFile; fileRef = EACF080F927138E0226D938A /* TBMBBind.m */; };
		EACF01599595851FD0278382 /* TBMBSimpleStaticCommand.m in Sources */ = {isa = PBXBuildFile; fileRef = EACF0BB084076719C2747425 /* TBMBSimpleStaticCommand.m */; };
		EACF018100A53DB7D8C14A4E /* Foundation.framework in Frameworks */ = {isa = PBXBuildFile; fileRef = EACF0CB0ADA1C4C12848C7EC /* Foundation.framework */; };
		EACF019F6D34130C3B6DE246 /* TBMBDefaultMessageReceiver+TBMBProxy.m in Sources */ = {isa = PBXBuildFile; fileRef = EACF014F14419FFBDE5C4E0A /* TBMBDefaultMessageReceiver+TBMBProxy.m */; };
		EACF01BE35D94A033541F3AA /* main.m in Sources */ = {isa = PBXBuildFile; fileRef = EACF003361E0B86F01564B8D /* main.m */; };
		EACF01C29701FDA299DFE9BC /* UIKit.framework in Frameworks */ = {isa = PBXBuildFile; fileRef = EACF00C43235422C43B05660 /* UIKit.framework */; };
		EACF01EA8EB1E691294252A0 /* UIKit.framework in Frameworks */ = {isa = PBXBuildFile; fileRef = EACF00C43235422C43B05660 /* UIKit.framework */; };
		EACF01F0659A5861E868271D /* SenTestingKit.framework in Frameworks */ = {isa = PBXBuildFile; fileRef = EACF0ACF5CA68CA6670EE5AE /* SenTestingKit.framework */; };
		EACF02038E4D1475384E05C1 /* TBMBSimpleInstanceCommand+TBMBProxy.m in Sources */ = {isa = PBXBuildFile; fileRef = EACF018D7DA1AB2BB9A1D78D /* TBMBSimpleInstanceCommand+TBMBProxy.m */; };
		EACF0208410EE0B5FABB19E0 /* TBMBDefaultPage.m in Sources */ = {isa = PBXBuildFile; fileRef = EACF0D2E1DD71E9AF0C3F6E5 /* TBMBDefaultPage.m */; };
		EACF023EFE1A7853D03AEB16 /* TBMBDefaultFacade.m in Sources */ = {isa = PBXBuildFile; fileRef = EACF0755EFB1DAFCA21432B5 /* TBMBDefaultFacade.m */; };
		EACF02E764BCB6F08E1615EF /* TBMBSimpleInstanceCommand.m in Sources */ = {isa = PBXBuildFile; fileRef = EACF0761A6B58420994E034C /* TBMBSimpleInstanceCommand.m */; };
		EACF03C874265ABED67AEAB3 /* TBMBSimpleStaticCommand+TBMBProxy.m in Sources */ = {isa = PBXBuildFile; fileRef = EACF0B4323AD22B43A4F9103 /* TBMBSimpleStaticCommand+TBMBProxy.m */; };
		EACF03DE521EF65773062EA3 /* TBMBDefaultNotification.m in Sources */ = {isa = PBXBuildFile; fileRef = EACF05161E0D2CE4D3883182 /* TBMBDefaultNotification.m */; };
		EACF03F2581BACB54DF53900 /* CoreGraphics.framework in Frameworks */ = {isa = PBXBuildFile; fileRef = EACF0382094DB4A2826ACA01 /* CoreGraphics.framework */; };
		EACF046CA19C94FD93C5A1DF /* TBMBDefaultRootViewController+TBMBProxy.m in Sources */ = {isa = PBXBuildFile; fileRef = EACF070B0E72AAA5763096CC /* TBMBDefaultRootViewController+TBMBProxy.m */; };
		EACF04DE1D5F350D0E4AC751 /* TBMBDefaultMessageReceiver+TBMBProxy.m in Sources */ = {isa = PBXBuildFile; fileRef = EACF014F14419FFBDE5C4E0A /* TBMBDefaultMessageReceiver+TBMBProxy.m */; };
		EACF057A5965BCD59E1B7600 /* TBMBDefaultRootViewController+TBMBProxy.m in Sources */ = {isa = PBXBuildFile; fileRef = EACF070B0E72AAA5763096CC /* TBMBDefaultRootViewController+TBMBProxy.m */; };
		EACF05A2405BAB8DC3D29FF1 /* TBMBDefaultRootViewController.m in Sources */ = {isa = PBXBuildFile; fileRef = EACF0DC4DC49733F861F0F6D /* TBMBDefaultRootViewController.m */; };
		EACF05AFAE81F62D08B7CFB2 /* TBMBDemoStep2View.m in Sources */ = {isa = PBXBuildFile; fileRef = EACF00F13C9A39C77EE42DB2 /* TBMBDemoStep2View.m */; };
		EACF05D5142DD0177CA4D7E3 /* TBMBDemoRootViewController.m in Sources */ = {isa = PBXBuildFile; fileRef = EACF0602BE6A5302B28522A6 /* TBMBDemoRootViewController.m */; };
		EACF0667B85C17FD36F83EE0 /* TBMBDefaultCommandInvocation.m in Sources */ = {isa = PBXBuildFile; fileRef = EACF08E48C32DD0D55DB8912 /* TBMBDefaultCommandInvocation.m */; };
		EACF06A3F19808C4AC5E5DE9 /* TBMBMessageProxy.m in Sources */ = {isa = PBXBuildFile; fileRef = EACF0E57111DA06BDC157FB2 /* TBMBMessageProxy.m */; };
		EACF0730CF2D80EB96814D22 /* TBMBLogInterceptor.m in Sources */ = {isa = PBXBuildFile; fileRef = EACF0E99EBDA61DFC1264086 /* TBMBLogInterceptor.m */; };
		EACF07411BAC39CBE2196D50 /* Default.png in Resources */ = {isa = PBXBuildFile; fileRef = EACF0B0638BD017E4E305399 /* Default.png */; };
		EACF076DF999BFC71E646E30 /* TBMBDemoStep3Command.m in Sources */ = {isa = PBXBuildFile; fileRef = EACF0A1E20932FB643E99306 /* TBMBDemoStep3Command.m */; };
		EACF07FDA05B19D29466B216 /* TBMBDefaultRootViewController.m in Sources */ = {isa = PBXBuildFile; fileRef = EACF0DC4DC49733F861F0F6D /* TBMBDefaultRootViewController.m */; };
		EACF0829E304988B0107E712 /* TBMBSimpleInstanceCommand+TBMBProxy.m in Sources */ = {isa = PBXBuildFile; fileRef = EACF018D7DA1AB2BB9A1D78D /* TBMBSimpleInstanceCommand+TBMBProxy.m */; };
		EACF0839261F4161E7E24D40 /* TBMBDefaultCommandInvocation.m in Sources */ = {isa = PBXBuildFile; fileRef = EACF08E48C32DD0D55DB8912 /* TBMBDefaultCommandInvocation.m */; };
		EACF08930CAF88A261848410 /* TBMBDemoStep1ViewController.m in Sources */ = {isa = PBXBuildFile; fileRef = EACF0FE74DCE1D82713CA357 /* TBMBDemoStep1ViewController.m */; };
		EACF08D73A3784B7BF5E97FC /* TBMBLogInterceptor.m in Sources */ = {isa = PBXBuildFile; fileRef = EACF0E99EBDA61DFC1264086 /* TBMBLogInterceptor.m */; };
		EACF08DF827B8818D7E9E57E /* TBMBSimpleSingletonCommand.m in Sources */ = {isa = PBXBuildFile; fileRef = EACF02E376C813FD4025B4F9 /* TBMBSimpleSingletonCommand.m */; };
		EACF092A70C6DDA53B066777 /* TBMBDemoStep2Command.m in Sources */ = {isa = PBXBuildFile; fileRef = EACF08EE34F7AAF19EAE5C89 /* TBMBDemoStep2Command.m */; };
		EACF0A0236F08407B5100D0E /* Foundation.framework in Frameworks */ = {isa = PBXBuildFile; fileRef = EACF0CB0ADA1C4C12848C7EC /* Foundation.framework */; };
		EACF0AD57509DBC8EE115C06 /* TBMBDemoStep1View.m in Sources */ = {isa = PBXBuildFile; fileRef = EACF04A6BE09CB8557A8DACE /* TBMBDemoStep1View.m */; };
		EACF0AE70B05C5B12BAA6884 /* TBMBBind.m in Sources */ = {isa = PBXBuildFile; fileRef = EACF080F927138E0226D938A /* TBMBBind.m */; };
		EACF0B001BD9BE25CCA0B3D5 /* TBMBAppDelegate.m in Sources */ = {isa = PBXBuildFile; fileRef = EACF0114696E5921FD1438BC /* TBMBAppDelegate.m */; };
		EACF0B24B0F23710C44F18E5 /* TBMBDemoStep1View.m in Sources */ = {isa = PBXBuildFile; fileRef = EACF04A6BE09CB8557A8DACE /* TBMBDemoStep1View.m */; };
		EACF0BC85C72703B51B0BA4F /* TBMBDemoStep2View.m in Sources */ = {isa = PBXBuildFile; fileRef = EACF00F13C9A39C77EE42DB2 /* TBMBDemoStep2View.m */; };
		EACF0BEE00D0E9E271E16F36 /* TBMBDefaultMessageReceiver.m in Sources */ = {isa = PBXBuildFile; fileRef = EACF05AB7BB806AB6A1B1DB5 /* TBMBDefaultMessageReceiver.m */; };
		EACF0C0A8D76F4C66815D50B /* TBMBGlobalFacade.m in Sources */ = {isa = PBXBuildFile; fileRef = EACF0DAAB26269FFE69BEE05 /* TBMBGlobalFacade.m */; };
		EACF0C4699DA4E3DBBB59623 /* TBMBDemoStep3View.m in Sources */ = {isa = PBXBuildFile; fileRef = EACF0D0B8BC1B30E17637369 /* TBMBDemoStep3View.m */; };
		EACF0C61DE3198C4072112EA /* Default-568h@2x.png in Resources */ = {isa = PBXBuildFile; fileRef = EACF0D56FB6AD62FF7BAF587 /* Default-568h@2x.png */; };
		EACF0CAE1647AB6DC93CA65D /* TBMBDemoStep3Command.m in Sources */ = {isa = PBXBuildFile; fileRef = EACF0A1E20932FB643E99306 /* TBMBDemoStep3Command.m */; };
		EACF0CE2EDF966CE74406107 /* TBMBDemoStep2Command.m in Sources */ = {isa = PBXBuildFile; fileRef = EACF08EE34F7AAF19EAE5C89 /* TBMBDemoStep2Command.m */; };
		EACF0D23A3C06DC05782C40C /* TBMBUtil.m in Sources */ = {isa = PBXBuildFile; fileRef = EACF01467974E8656490884A /* TBMBUtil.m */; };
		EACF0D259D5E32CF7CE2333F /* TBMBDemoStep2ViewController.m in Sources */ = {isa = PBXBuildFile; fileRef = EACF0EB4A17E10C510F69A16 /* TBMBDemoStep2ViewController.m */; };
		EACF0D54FD79692B7447DA1A /* TBMBSimpleInstanceCommand.m in Sources */ = {isa = PBXBuildFile; fileRef = EACF0761A6B58420994E034C /* TBMBSimpleInstanceCommand.m */; };
		EACF0D972E6C6BAA0499D635 /* TBMBUtil.m in Sources */ = {isa = PBXBuildFile; fileRef = EACF01467974E8656490884A /* TBMBUtil.m */; };
		EACF0D98522899BFBA3C0944 /* TBMBDemoRootViewController.m in Sources */ = {isa = PBXBuildFile; fileRef = EACF0602BE6A5302B28522A6 /* TBMBDemoRootViewController.m */; };
		EACF0D9DA7F8A7DCD6F1E8A5 /* TBMBNavView.m in Sources */ = {isa = PBXBuildFile; fileRef = EACF0E61E844130094956ECE /* TBMBNavView.m */; };
		EACF0DB660DDC3B0C40535F1 /* TBMBSimpleStaticCommand.m in Sources */ = {isa = PBXBuildFile; fileRef = EACF0BB084076719C2747425 /* TBMBSimpleStaticCommand.m */; };
		EACF0DE31157392E860906C6 /* TBMBDemoStep3ViewController.m in Sources */ = {isa = PBXBuildFile; fileRef = EACF07D0BF6453B518FB20F8 /* TBMBDemoStep3ViewController.m */; };
		EACF0DEA45127E106A645446 /* TBMBNavViewDO.m in Sources */ = {isa = PBXBuildFile; fileRef = EACF064D01635968D981700C /* TBMBNavViewDO.m */; };
		EACF0DF056E712518D2804BD /* TBMBNavView.m in Sources */ = {isa = PBXBuildFile; fileRef = EACF0E61E844130094956ECE /* TBMBNavView.m */; };
		EACF0E390A5AD3B294679515 /* TBMBSimpleStaticCommand+TBMBProxy.m in Sources */ = {isa = PBXBuildFile; fileRef = EACF0B4323AD22B43A4F9103 /* TBMBSimpleStaticCommand+TBMBProxy.m */; };
		EACF0EB7A0931B74454212C1 /* TBMBDefaultMessageReceiver.m in Sources */ = {isa = PBXBuildFile; fileRef = EACF05AB7BB806AB6A1B1DB5 /* TBMBDefaultMessageReceiver.m */; };
		EACF0ECF63E169A1AC59FD53 /* TBMBGlobalFacade.m in Sources */ = {isa = PBXBuildFile; fileRef = EACF0DAAB26269FFE69BEE05 /* TBMBGlobalFacade.m */; };
		EACF0EDCF5C14B15502951F8 /* TBMBDemoStep3ViewController.m in Sources */ = {isa = PBXBuildFile; fileRef = EACF07D0BF6453B518FB20F8 /* TBMBDemoStep3ViewController.m */; };
		EACF0F0BF446198533CF69CE /* TBMBDemoStep2ViewController.m in Sources */ = {isa = PBXBuildFile; fileRef = EACF0EB4A17E10C510F69A16 /* TBMBDemoStep2ViewController.m */; };
		EACF0F55F99AC5438387091B /* TBMBDemoStep3View.m in Sources */ = {isa = PBXBuildFile; fileRef = EACF0D0B8BC1B30E17637369 /* TBMBDemoStep3View.m */; };
		EACF0F6BEE7B01AFAD7A1BA4 /* TBMBMessageProxy.m in Sources */ = {isa = PBXBuildFile; fileRef = EACF0E57111DA06BDC157FB2 /* TBMBMessageProxy.m */; };
		EACF0FA89B08F82AF1AD3231 /* TBMBDefaultNotification.m in Sources */ = {isa = PBXBuildFile; fileRef = EACF05161E0D2CE4D3883182 /* TBMBDefaultNotification.m */; };
		EACF0FCFB829D4899F7D4CF5 /* TBMBNavViewController.m in Sources */ = {isa = PBXBuildFile; fileRef = EACF01DAA530DD7BDABD9AC9 /* TBMBNavViewController.m */; };
/* End PBXBuildFile section */

/* Begin PBXContainerItemProxy section */
		EACF024A21E685D9E1C59C93 /* PBXContainerItemProxy */ = {
			isa = PBXContainerItemProxy;
			containerPortal = EACF0E4522CC4FD51B67D723 /* Project object */;
			proxyType = 1;
			remoteGlobalIDString = EACF06DF8F41B3468476ED2C;
			remoteInfo = MBMvc;
		};
/* End PBXContainerItemProxy section */

/* Begin PBXFileReference section */
		EACF00143526FE645AAF3FAF /* TBMBCommandInterceptor.h */ = {isa = PBXFileReference; fileEncoding = 4; lastKnownFileType = sourcecode.c.h; path = TBMBCommandInterceptor.h; sourceTree = "<group>"; };
		EACF00222F49568473E9C0E1 /* MBMvcTests.octest */ = {isa = PBXFileReference; explicitFileType = wrapper.cfbundle; includeInIndex = 0; path = MBMvcTests.octest; sourceTree = BUILT_PRODUCTS_DIR; };
		EACF003361E0B86F01564B8D /* main.m */ = {isa = PBXFileReference; lastKnownFileType = sourcecode.c.objc; path = main.m; sourceTree = "<group>"; };
		EACF0076A143CB39C2F37F3D /* MBMvc-Info.plist */ = {isa = PBXFileReference; lastKnownFileType = text.plist.info; path = "MBMvc-Info.plist"; sourceTree = "<group>"; };
		EACF00A11283172B290F0CA2 /* en */ = {isa = PBXFileReference; lastKnownFileType = text.plist.strings; name = en; path = en.lproj/InfoPlist.strings; sourceTree = "<group>"; };
		EACF00B4DE855DEECCC0B05A /* TBMBCommand.h */ = {isa = PBXFileReference; fileEncoding = 4; lastKnownFileType = sourcecode.c.h; path = TBMBCommand.h; sourceTree = "<group>"; };
		EACF00C43235422C43B05660 /* UIKit.framework */ = {isa = PBXFileReference; lastKnownFileType = wrapper.framework; name = UIKit.framework; path = System/Library/Frameworks/UIKit.framework; sourceTree = SDKROOT; };
		EACF00F13C9A39C77EE42DB2 /* TBMBDemoStep2View.m */ = {isa = PBXFileReference; fileEncoding = 4; lastKnownFileType = sourcecode.c.objc; path = TBMBDemoStep2View.m; sourceTree = "<group>"; };
		EACF0114696E5921FD1438BC /* TBMBAppDelegate.m */ = {isa = PBXFileReference; lastKnownFileType = sourcecode.c.objc; path = TBMBAppDelegate.m; sourceTree = "<group>"; };
		EACF01467974E8656490884A /* TBMBUtil.m */ = {isa = PBXFileReference; fileEncoding = 4; lastKnownFileType = sourcecode.c.objc; path = TBMBUtil.m; sourceTree = "<group>"; };
		EACF014F14419FFBDE5C4E0A /* TBMBDefaultMessageReceiver+TBMBProxy.m */ = {isa = PBXFileReference; fileEncoding = 4; lastKnownFileType = sourcecode.c.objc; path = "TBMBDefaultMessageReceiver+TBMBProxy.m"; sourceTree = "<group>"; };
		EACF016B1356C362661AFFEF /* TBMBFacade.h */ = {isa = PBXFileReference; fileEncoding = 4; lastKnownFileType = sourcecode.c.h; path = TBMBFacade.h; sourceTree = "<group>"; };
		EACF016E750FAA69EF51384A /* TBMBDemoStep2ViewController.h */ = {isa = PBXFileReference; fileEncoding = 4; lastKnownFileType = sourcecode.c.h; path = TBMBDemoStep2ViewController.h; sourceTree = "<group>"; };
		EACF018D7DA1AB2BB9A1D78D /* TBMBSimpleInstanceCommand+TBMBProxy.m */ = {isa = PBXFileReference; fileEncoding = 4; lastKnownFileType = sourcecode.c.objc; path = "TBMBSimpleInstanceCommand+TBMBProxy.m"; sourceTree = "<group>"; };
		EACF01DAA530DD7BDABD9AC9 /* TBMBNavViewController.m */ = {isa = PBXFileReference; lastKnownFileType = sourcecode.c.objc; path = TBMBNavViewController.m; sourceTree = "<group>"; };
		EACF020B04620474C4D795B3 /* MBMvcTests.m */ = {isa = PBXFileReference; lastKnownFileType = sourcecode.c.objc; path = MBMvcTests.m; sourceTree = "<group>"; };
		EACF0253EBED3ABB635EE061 /* TBMBDemoStep3Command.h */ = {isa = PBXFileReference; fileEncoding = 4; lastKnownFileType = sourcecode.c.h; path = TBMBDemoStep3Command.h; sourceTree = "<group>"; };
		EACF02907226E3934313D629 /* TBMBSimpleStaticCommand.h */ = {isa = PBXFileReference; fileEncoding = 4; lastKnownFileType = sourcecode.c.h; path = TBMBSimpleStaticCommand.h; sourceTree = "<group>"; };
		EACF02E376C813FD4025B4F9 /* TBMBSimpleSingletonCommand.m */ = {isa = PBXFileReference; fileEncoding = 4; lastKnownFileType = sourcecode.c.objc; path = TBMBSimpleSingletonCommand.m; sourceTree = "<group>"; };
		EACF035FAB2F66CED9E8174E /* TBMBMessageSender.h */ = {isa = PBXFileReference; fileEncoding = 4; lastKnownFileType = sourcecode.c.h; path = TBMBMessageSender.h; sourceTree = "<group>"; };
		EACF0382094DB4A2826ACA01 /* CoreGraphics.framework */ = {isa = PBXFileReference; lastKnownFileType = wrapper.framework; name = CoreGraphics.framework; path = System/Library/Frameworks/CoreGraphics.framework; sourceTree = SDKROOT; };
		EACF040FA11E7C5BCC313B8B /* TBMBMessageProxy.h */ = {isa = PBXFileReference; fileEncoding = 4; lastKnownFileType = sourcecode.c.h; path = TBMBMessageProxy.h; sourceTree = "<group>"; };
		EACF04A49197313295C9DAB1 /* TBMBDefaultRootViewController.h */ = {isa = PBXFileReference; fileEncoding = 4; lastKnownFileType = sourcecode.c.h; path = TBMBDefaultRootViewController.h; sourceTree = "<group>"; };
		EACF04A6BE09CB8557A8DACE /* TBMBDemoStep1View.m */ = {isa = PBXFileReference; fileEncoding = 4; lastKnownFileType = sourcecode.c.objc; path = TBMBDemoStep1View.m; sourceTree = "<group>"; };
		EACF04C87CC6AD5D3E221B2C /* TBMBDefaultMessageReceiver.h */ = {isa = PBXFileReference; fileEncoding = 4; lastKnownFileType = sourcecode.c.h; path = TBMBDefaultMessageReceiver.h; sourceTree = "<group>"; };
		EACF05161E0D2CE4D3883182 /* TBMBDefaultNotification.m */ = {isa = PBXFileReference; fileEncoding = 4; lastKnownFileType = sourcecode.c.objc; path = TBMBDefaultNotification.m; sourceTree = "<group>"; };
		EACF05AB7BB806AB6A1B1DB5 /* TBMBDefaultMessageReceiver.m */ = {isa = PBXFileReference; fileEncoding = 4; lastKnownFileType = sourcecode.c.objc; path = TBMBDefaultMessageReceiver.m; sourceTree = "<group>"; };
		EACF0602BE6A5302B28522A6 /* TBMBDemoRootViewController.m */ = {isa = PBXFileReference; fileEncoding = 4; lastKnownFileType = sourcecode.c.objc; path = TBMBDemoRootViewController.m; sourceTree = "<group>"; };
		EACF0603DF1D1C1B609B555D /* TBMBLogInterceptor.h */ = {isa = PBXFileReference; fileEncoding = 4; lastKnownFileType = sourcecode.c.h; path = TBMBLogInterceptor.h; sourceTree = "<group>"; };
		EACF06356D98E1902E0189CE /* MBMvc-Prefix.pch */ = {isa = PBXFileReference; lastKnownFileType = sourcecode.c.h; path = "MBMvc-Prefix.pch"; sourceTree = "<group>"; };
		EACF064D01635968D981700C /* TBMBNavViewDO.m */ = {isa = PBXFileReference; fileEncoding = 4; lastKnownFileType = sourcecode.c.objc; path = TBMBNavViewDO.m; sourceTree = "<group>"; };
		EACF068AAF34A5E3310C4A83 /* TBMBNavViewDO.h */ = {isa = PBXFileReference; fileEncoding = 4; lastKnownFileType = sourcecode.c.h; path = TBMBNavViewDO.h; sourceTree = "<group>"; };
		EACF06F84E9A49AB996B6506 /* TBMBDemoStep1View.h */ = {isa = PBXFileReference; fileEncoding = 4; lastKnownFileType = sourcecode.c.h; path = TBMBDemoStep1View.h; sourceTree = "<group>"; };
		EACF070B0E72AAA5763096CC /* TBMBDefaultRootViewController+TBMBProxy.m */ = {isa = PBXFileReference; fileEncoding = 4; lastKnownFileType = sourcecode.c.objc; path = "TBMBDefaultRootViewController+TBMBProxy.m"; sourceTree = "<group>"; };
		EACF0755EFB1DAFCA21432B5 /* TBMBDefaultFacade.m */ = {isa = PBXFileReference; fileEncoding = 4; lastKnownFileType = sourcecode.c.objc; path = TBMBDefaultFacade.m; sourceTree = "<group>"; };
		EACF0761A6B58420994E034C /* TBMBSimpleInstanceCommand.m */ = {isa = PBXFileReference; fileEncoding = 4; lastKnownFileType = sourcecode.c.objc; path = TBMBSimpleInstanceCommand.m; sourceTree = "<group>"; };
		EACF076966D60DA2353A80AF /* TBMBGlobalFacade.h */ = {isa = PBXFileReference; fileEncoding = 4; lastKnownFileType = sourcecode.c.h; path = TBMBGlobalFacade.h; sourceTree = "<group>"; };
		EACF077024524A39BAC13237 /* TBMBSingletonCommand.h */ = {isa = PBXFileReference; fileEncoding = 4; lastKnownFileType = sourcecode.c.h; path = TBMBSingletonCommand.h; sourceTree = "<group>"; };
		EACF07902CF4BEF73CAE5E67 /* TBMBMessageReceiver.h */ = {isa = PBXFileReference; fileEncoding = 4; lastKnownFileType = sourcecode.c.h; path = TBMBMessageReceiver.h; sourceTree = "<group>"; };
		EACF07B7B0C0B16B29F24994 /* metamacros.h */ = {isa = PBXFileReference; fileEncoding = 4; lastKnownFileType = sourcecode.c.h; path = metamacros.h; sourceTree = "<group>"; };
		EACF07BA3E6FAA1B17195F5C /* TBMBDefaultRootViewController+TBMBProxy.h */ = {isa = PBXFileReference; fileEncoding = 4; lastKnownFileType = sourcecode.c.h; path = "TBMBDefaultRootViewController+TBMBProxy.h"; sourceTree = "<group>"; };
		EACF07D0BF6453B518FB20F8 /* TBMBDemoStep3ViewController.m */ = {isa = PBXFileReference; fileEncoding = 4; lastKnownFileType = sourcecode.c.objc; path = TBMBDemoStep3ViewController.m; sourceTree = "<group>"; };
		EACF07FF0B8EEF8654C29914 /* TBMBDefaultFacade.h */ = {isa = PBXFileReference; fileEncoding = 4; lastKnownFileType = sourcecode.c.h; path = TBMBDefaultFacade.h; sourceTree = "<group>"; };
		EACF080F927138E0226D938A /* TBMBBind.m */ = {isa = PBXFileReference; fileEncoding = 4; lastKnownFileType = sourcecode.c.objc; path = TBMBBind.m; sourceTree = "<group>"; };
		EACF085E254F3EFB3DAE4F38 /* TBMBUtil.h */ = {isa = PBXFileReference; fileEncoding = 4; lastKnownFileType = sourcecode.c.h; path = TBMBUtil.h; sourceTree = "<group>"; };
		EACF08E48C32DD0D55DB8912 /* TBMBDefaultCommandInvocation.m */ = {isa = PBXFileReference; fileEncoding = 4; lastKnownFileType = sourcecode.c.objc; path = TBMBDefaultCommandInvocation.m; sourceTree = "<group>"; };
		EACF08EE34F7AAF19EAE5C89 /* TBMBDemoStep2Command.m */ = {isa = PBXFileReference; fileEncoding = 4; lastKnownFileType = sourcecode.c.objc; path = TBMBDemoStep2Command.m; sourceTree = "<group>"; };
		EACF0914EF64588F4C84C160 /* TBMBDemoStep3View.h */ = {isa = PBXFileReference; fileEncoding = 4; lastKnownFileType = sourcecode.c.h; path = TBMBDemoStep3View.h; sourceTree = "<group>"; };
		EACF09683655BB5983B89FED /* TBMBCommandInvocation.h */ = {isa = PBXFileReference; fileEncoding = 4; lastKnownFileType = sourcecode.c.h; path = TBMBCommandInvocation.h; sourceTree = "<group>"; };
		EACF0A1E20932FB643E99306 /* TBMBDemoStep3Command.m */ = {isa = PBXFileReference; fileEncoding = 4; lastKnownFileType = sourcecode.c.objc; path = TBMBDemoStep3Command.m; sourceTree = "<group>"; };
		EACF0A4C33E9802892902983 /* TBMBDemoStep1ViewController.h */ = {isa = PBXFileReference; fileEncoding = 4; lastKnownFileType = sourcecode.c.h; path = TBMBDemoStep1ViewController.h; sourceTree = "<group>"; };
		EACF0A8ABDAD7B9398C5EB01 /* Default@2x.png */ = {isa = PBXFileReference; lastKnownFileType = image.png; path = "Default@2x.png"; sourceTree = "<group>"; };
		EACF0A943E34ABAE321F94B2 /* MBMvcTests-Info.plist */ = {isa = PBXFileReference; lastKnownFileType = text.plist.info; path = "MBMvcTests-Info.plist"; sourceTree = "<group>"; };
		EACF0ABDD8484047F155F8C1 /* MBMvcTests.h */ = {isa = PBXFileReference; lastKnownFileType = sourcecode.c.h; path = MBMvcTests.h; sourceTree = "<group>"; };
		EACF0ABFABB9A07342A46C3A /* TBMBPage.h */ = {isa = PBXFileReference; fileEncoding = 4; lastKnownFileType = sourcecode.c.h; path = TBMBPage.h; sourceTree = "<group>"; };
		EACF0ACF5CA68CA6670EE5AE /* SenTestingKit.framework */ = {isa = PBXFileReference; lastKnownFileType = wrapper.framework; name = SenTestingKit.framework; path = Library/Frameworks/SenTestingKit.framework; sourceTree = DEVELOPER_DIR; };
		EACF0B0638BD017E4E305399 /* Default.png */ = {isa = PBXFileReference; lastKnownFileType = image.png; path = Default.png; sourceTree = "<group>"; };
		EACF0B30EA0C86778B6BDB70 /* TBMBSimpleInstanceCommand+TBMBProxy.h */ = {isa = PBXFileReference; fileEncoding = 4; lastKnownFileType = sourcecode.c.h; path = "TBMBSimpleInstanceCommand+TBMBProxy.h"; sourceTree = "<group>"; };
		EACF0B4323AD22B43A4F9103 /* TBMBSimpleStaticCommand+TBMBProxy.m */ = {isa = PBXFileReference; fileEncoding = 4; lastKnownFileType = sourcecode.c.objc; path = "TBMBSimpleStaticCommand+TBMBProxy.m"; sourceTree = "<group>"; };
		EACF0B6F367E5559EF06F871 /* TBMBBind.h */ = {isa = PBXFileReference; fileEncoding = 4; lastKnownFileType = sourcecode.c.h; path = TBMBBind.h; sourceTree = "<group>"; };
		EACF0B8130606128EE159A61 /* TBMBSimpleSingletonCommand.h */ = {isa = PBXFileReference; fileEncoding = 4; lastKnownFileType = sourcecode.c.h; path = TBMBSimpleSingletonCommand.h; sourceTree = "<group>"; };
		EACF0BA3CDE4AA708DB6F209 /* TBMBDemoRootViewController.h */ = {isa = PBXFileReference; fileEncoding = 4; lastKnownFileType = sourcecode.c.h; path = TBMBDemoRootViewController.h; sourceTree = "<group>"; };
		EACF0BAED3F024177BA0BB6E /* TBMBDefaultMessageReceiver+TBMBProxy.h */ = {isa = PBXFileReference; fileEncoding = 4; lastKnownFileType = sourcecode.c.h; path = "TBMBDefaultMessageReceiver+TBMBProxy.h"; sourceTree = "<group>"; };
		EACF0BB084076719C2747425 /* TBMBSimpleStaticCommand.m */ = {isa = PBXFileReference; fileEncoding = 4; lastKnownFileType = sourcecode.c.objc; path = TBMBSimpleStaticCommand.m; sourceTree = "<group>"; };
		EACF0BC84CBD4AC83FE324DA /* TBMBNavViewController.h */ = {isa = PBXFileReference; lastKnownFileType = sourcecode.c.h; path = TBMBNavViewController.h; sourceTree = "<group>"; };
		EACF0C42E018916502131565 /* TBMBInstanceCommand.h */ = {isa = PBXFileReference; fileEncoding = 4; lastKnownFileType = sourcecode.c.h; path = TBMBInstanceCommand.h; sourceTree = "<group>"; };
		EACF0C59AFBE61AE9FEE8BCF /* TBMBNotification.h */ = {isa = PBXFileReference; fileEncoding = 4; lastKnownFileType = sourcecode.c.h; path = TBMBNotification.h; sourceTree = "<group>"; };
		EACF0CB0ADA1C4C12848C7EC /* Foundation.framework */ = {isa = PBXFileReference; lastKnownFileType = wrapper.framework; name = Foundation.framework; path = System/Library/Frameworks/Foundation.framework; sourceTree = SDKROOT; };
		EACF0CCD1BCB717A82281787 /* TBMBNavView.h */ = {isa = PBXFileReference; fileEncoding = 4; lastKnownFileType = sourcecode.c.h; path = TBMBNavView.h; sourceTree = "<group>"; };
		EACF0CE9D33F31FCD13BFA29 /* TBMBDefaultPage.h */ = {isa = PBXFileReference; fileEncoding = 4; lastKnownFileType = sourcecode.c.h; path = TBMBDefaultPage.h; sourceTree = "<group>"; };
		EACF0D0B8BC1B30E17637369 /* TBMBDemoStep3View.m */ = {isa = PBXFileReference; fileEncoding = 4; lastKnownFileType = sourcecode.c.objc; path = TBMBDemoStep3View.m; sourceTree = "<group>"; };
		EACF0D201D5F5413BB0C1AA1 /* TBMBSimpleInstanceCommand.h */ = {isa = PBXFileReference; fileEncoding = 4; lastKnownFileType = sourcecode.c.h; path = TBMBSimpleInstanceCommand.h; sourceTree = "<group>"; };
		EACF0D2E1DD71E9AF0C3F6E5 /* TBMBDefaultPage.m */ = {isa = PBXFileReference; fileEncoding = 4; lastKnownFileType = sourcecode.c.objc; path = TBMBDefaultPage.m; sourceTree = "<group>"; };
		EACF0D38E08E6841AAA9802D /* TBMBOnlyProxy.h */ = {isa = PBXFileReference; fileEncoding = 4; lastKnownFileType = sourcecode.c.h; path = TBMBOnlyProxy.h; sourceTree = "<group>"; };
		EACF0D56FB6AD62FF7BAF587 /* Default-568h@2x.png */ = {isa = PBXFileReference; lastKnownFileType = image.png; path = "Default-568h@2x.png"; sourceTree = "<group>"; };
		EACF0D8B1A9F6B8812E51E8D /* TBMBDemoStep3ViewController.h */ = {isa = PBXFileReference; fileEncoding = 4; lastKnownFileType = sourcecode.c.h; path = TBMBDemoStep3ViewController.h; sourceTree = "<group>"; };
		EACF0D9041C3E2B14E58C15C /* TBMBStaticCommand.h */ = {isa = PBXFileReference; fileEncoding = 4; lastKnownFileType = sourcecode.c.h; path = TBMBStaticCommand.h; sourceTree = "<group>"; };
		EACF0DAAB26269FFE69BEE05 /* TBMBGlobalFacade.m */ = {isa = PBXFileReference; fileEncoding = 4; lastKnownFileType = sourcecode.c.objc; path = TBMBGlobalFacade.m; sourceTree = "<group>"; };
		EACF0DC4DC49733F861F0F6D /* TBMBDefaultRootViewController.m */ = {isa = PBXFileReference; fileEncoding = 4; lastKnownFileType = sourcecode.c.objc; path = TBMBDefaultRootViewController.m; sourceTree = "<group>"; };
		EACF0DFCD86336834D4BDA20 /* TBMBDefaultCommandInvocation.h */ = {isa = PBXFileReference; fileEncoding = 4; lastKnownFileType = sourcecode.c.h; path = TBMBDefaultCommandInvocation.h; sourceTree = "<group>"; };
		EACF0E57111DA06BDC157FB2 /* TBMBMessageProxy.m */ = {isa = PBXFileReference; fileEncoding = 4; lastKnownFileType = sourcecode.c.objc; path = TBMBMessageProxy.m; sourceTree = "<group>"; };
		EACF0E61E844130094956ECE /* TBMBNavView.m */ = {isa = PBXFileReference; fileEncoding = 4; lastKnownFileType = sourcecode.c.objc; path = TBMBNavView.m; sourceTree = "<group>"; };
		EACF0E99EBDA61DFC1264086 /* TBMBLogInterceptor.m */ = {isa = PBXFileReference; fileEncoding = 4; lastKnownFileType = sourcecode.c.objc; path = TBMBLogInterceptor.m; sourceTree = "<group>"; };
		EACF0EB4A17E10C510F69A16 /* TBMBDemoStep2ViewController.m */ = {isa = PBXFileReference; fileEncoding = 4; lastKnownFileType = sourcecode.c.objc; path = TBMBDemoStep2ViewController.m; sourceTree = "<group>"; };
		EACF0ED68ED61C37022FE8DC /* TBMBDemoStep2Command.h */ = {isa = PBXFileReference; fileEncoding = 4; lastKnownFileType = sourcecode.c.h; path = TBMBDemoStep2Command.h; sourceTree = "<group>"; };
		EACF0EEA2FC96B509AFA3CB6 /* TBMBSimpleStaticCommand+TBMBProxy.h */ = {isa = PBXFileReference; fileEncoding = 4; lastKnownFileType = sourcecode.c.h; path = "TBMBSimpleStaticCommand+TBMBProxy.h"; sourceTree = "<group>"; };
		EACF0F0953F514D7A9BB9588 /* TBMBDefaultNotification.h */ = {isa = PBXFileReference; fileEncoding = 4; lastKnownFileType = sourcecode.c.h; path = TBMBDefaultNotification.h; sourceTree = "<group>"; };
		EACF0F31977927A206266240 /* MBMvc.app */ = {isa = PBXFileReference; explicitFileType = wrapper.application; includeInIndex = 0; path = MBMvc.app; sourceTree = BUILT_PRODUCTS_DIR; };
		EACF0FBD39DDF8B77EF64440 /* TBMBDemoStep2View.h */ = {isa = PBXFileReference; fileEncoding = 4; lastKnownFileType = sourcecode.c.h; path = TBMBDemoStep2View.h; sourceTree = "<group>"; };
		EACF0FD8B26141AD67ABAFAE /* TBMBAppDelegate.h */ = {isa = PBXFileReference; lastKnownFileType = sourcecode.c.h; path = TBMBAppDelegate.h; sourceTree = "<group>"; };
		EACF0FE74DCE1D82713CA357 /* TBMBDemoStep1ViewController.m */ = {isa = PBXFileReference; fileEncoding = 4; lastKnownFileType = sourcecode.c.objc; path = TBMBDemoStep1ViewController.m; sourceTree = "<group>"; };
/* End PBXFileReference section */

/* Begin PBXFrameworksBuildPhase section */
		EACF04E89DA22E4223BB4DE4 /* Frameworks */ = {
			isa = PBXFrameworksBuildPhase;
			buildActionMask = 2147483647;
			files = (
				EACF01F0659A5861E868271D /* SenTestingKit.framework in Frameworks */,
				EACF01EA8EB1E691294252A0 /* UIKit.framework in Frameworks */,
				EACF018100A53DB7D8C14A4E /* Foundation.framework in Frameworks */,
			);
			runOnlyForDeploymentPostprocessing = 0;
		};
		EACF0724EF7ED480164FFC65 /* Frameworks */ = {
			isa = PBXFrameworksBuildPhase;
			buildActionMask = 2147483647;
			files = (
				EACF01C29701FDA299DFE9BC /* UIKit.framework in Frameworks */,
				EACF0A0236F08407B5100D0E /* Foundation.framework in Frameworks */,
				EACF03F2581BACB54DF53900 /* CoreGraphics.framework in Frameworks */,
			);
			runOnlyForDeploymentPostprocessing = 0;
		};
/* End PBXFrameworksBuildPhase section */

/* Begin PBXGroup section */
		EACF012FB722A45754E62214 /* Step01_SimpleUse */ = {
			isa = PBXGroup;
			children = (
				EACF0FE74DCE1D82713CA357 /* TBMBDemoStep1ViewController.m */,
				EACF0A4C33E9802892902983 /* TBMBDemoStep1ViewController.h */,
				EACF04A6BE09CB8557A8DACE /* TBMBDemoStep1View.m */,
				EACF06F84E9A49AB996B6506 /* TBMBDemoStep1View.h */,
			);
			path = Step01_SimpleUse;
			sourceTree = "<group>";
		};
		EACF01C53FF8E3ECFBC10803 = {
			isa = PBXGroup;
			children = (
				EACF0A957A25CD1B1A993DE3 /* Products */,
				EACF049725A7D24BDC4E177E /* Frameworks */,
				EACF0C664EC41437B934C314 /* MBMvc */,
				EACF077BDCE622C9743D44ED /* MBMvcTests */,
				EACF0749C727E5E25BEC60DB /* Demo */,
			);
			sourceTree = "<group>";
		};
		EACF022DE80075F1CFA492AB /* Util */ = {
			isa = PBXGroup;
			children = (
				EACF01467974E8656490884A /* TBMBUtil.m */,
				EACF085E254F3EFB3DAE4F38 /* TBMBUtil.h */,
			);
			path = Util;
			sourceTree = "<group>";
		};
		EACF028109BF1DB2F0DE6023 /* Interceptor */ = {
			isa = PBXGroup;
			children = (
				EACF0E99EBDA61DFC1264086 /* TBMBLogInterceptor.m */,
				EACF0603DF1D1C1B609B555D /* TBMBLogInterceptor.h */,
			);
			path = Interceptor;
			sourceTree = "<group>";
		};
		EACF041A4340A94EE50DD832 /* Protocol */ = {
			isa = PBXGroup;
			children = (
				EACF07902CF4BEF73CAE5E67 /* TBMBMessageReceiver.h */,
				EACF0C59AFBE61AE9FEE8BCF /* TBMBNotification.h */,
				EACF035FAB2F66CED9E8174E /* TBMBMessageSender.h */,
				EACF016B1356C362661AFFEF /* TBMBFacade.h */,
				EACF0D9041C3E2B14E58C15C /* TBMBStaticCommand.h */,
				EACF0C42E018916502131565 /* TBMBInstanceCommand.h */,
				EACF00B4DE855DEECCC0B05A /* TBMBCommand.h */,
				EACF077024524A39BAC13237 /* TBMBSingletonCommand.h */,
				EACF0D38E08E6841AAA9802D /* TBMBOnlyProxy.h */,
				EACF0ABFABB9A07342A46C3A /* TBMBPage.h */,
				EACF09683655BB5983B89FED /* TBMBCommandInvocation.h */,
				EACF00143526FE645AAF3FAF /* TBMBCommandInterceptor.h */,
			);
			path = Protocol;
			sourceTree = "<group>";
		};
		EACF049725A7D24BDC4E177E /* Frameworks */ = {
			isa = PBXGroup;
			children = (
				EACF00C43235422C43B05660 /* UIKit.framework */,
				EACF0CB0ADA1C4C12848C7EC /* Foundation.framework */,
				EACF0382094DB4A2826ACA01 /* CoreGraphics.framework */,
				EACF0ACF5CA68CA6670EE5AE /* SenTestingKit.framework */,
			);
			name = Frameworks;
			sourceTree = "<group>";
		};
		EACF0498C833F71FD6288893 /* Facede */ = {
			isa = PBXGroup;
			children = (
				EACF0DAAB26269FFE69BEE05 /* TBMBGlobalFacade.m */,
				EACF076966D60DA2353A80AF /* TBMBGlobalFacade.h */,
			);
			path = Facede;
			sourceTree = "<group>";
		};
		EACF056CB605573E83ADA0F4 /* Step03_ProxyObject */ = {
			isa = PBXGroup;
			children = (
				EACF0D0B8BC1B30E17637369 /* TBMBDemoStep3View.m */,
				EACF0914EF64588F4C84C160 /* TBMBDemoStep3View.h */,
				EACF07D0BF6453B518FB20F8 /* TBMBDemoStep3ViewController.m */,
				EACF0D8B1A9F6B8812E51E8D /* TBMBDemoStep3ViewController.h */,
				EACF0A1E20932FB643E99306 /* TBMBDemoStep3Command.m */,
				EACF0253EBED3ABB635EE061 /* TBMBDemoStep3Command.h */,
			);
			path = Step03_ProxyObject;
			sourceTree = "<group>";
		};
		EACF05AF33DA91D9871F126B /* Default */ = {
			isa = PBXGroup;
			children = (
				EACF07FF0B8EEF8654C29914 /* TBMBDefaultFacade.h */,
				EACF0755EFB1DAFCA21432B5 /* TBMBDefaultFacade.m */,
				EACF05161E0D2CE4D3883182 /* TBMBDefaultNotification.m */,
				EACF0F0953F514D7A9BB9588 /* TBMBDefaultNotification.h */,
				EACF0BB084076719C2747425 /* TBMBSimpleStaticCommand.m */,
				EACF02907226E3934313D629 /* TBMBSimpleStaticCommand.h */,
				EACF0761A6B58420994E034C /* TBMBSimpleInstanceCommand.m */,
				EACF0D201D5F5413BB0C1AA1 /* TBMBSimpleInstanceCommand.h */,
				EACF04A49197313295C9DAB1 /* TBMBDefaultRootViewController.h */,
				EACF0DC4DC49733F861F0F6D /* TBMBDefaultRootViewController.m */,
				EACF02E376C813FD4025B4F9 /* TBMBSimpleSingletonCommand.m */,
				EACF0B8130606128EE159A61 /* TBMBSimpleSingletonCommand.h */,
				EACF05AB7BB806AB6A1B1DB5 /* TBMBDefaultMessageReceiver.m */,
				EACF04C87CC6AD5D3E221B2C /* TBMBDefaultMessageReceiver.h */,
				EACF0D2E1DD71E9AF0C3F6E5 /* TBMBDefaultPage.m */,
				EACF0CE9D33F31FCD13BFA29 /* TBMBDefaultPage.h */,
				EACF08E48C32DD0D55DB8912 /* TBMBDefaultCommandInvocation.m */,
				EACF0DFCD86336834D4BDA20 /* TBMBDefaultCommandInvocation.h */,
			);
			path = Default;
			sourceTree = "<group>";
		};
		EACF0749C727E5E25BEC60DB /* Demo */ = {
			isa = PBXGroup;
			children = (
				EACF0FD8B26141AD67ABAFAE /* TBMBAppDelegate.h */,
				EACF0114696E5921FD1438BC /* TBMBAppDelegate.m */,
				EACF0BC84CBD4AC83FE324DA /* TBMBNavViewController.h */,
				EACF01DAA530DD7BDABD9AC9 /* TBMBNavViewController.m */,
				EACF0D71EC854C0EBDDEDA90 /* Supporting Files */,
				EACF0D52192F1E5B3BF40004 /* en.lproj */,
				EACF0D56FB6AD62FF7BAF587 /* Default-568h@2x.png */,
				EACF0B0638BD017E4E305399 /* Default.png */,
				EACF0A8ABDAD7B9398C5EB01 /* Default@2x.png */,
				EACF003361E0B86F01564B8D /* main.m */,
				EACF0076A143CB39C2F37F3D /* MBMvc-Info.plist */,
				EACF06356D98E1902E0189CE /* MBMvc-Prefix.pch */,
				EACF028109BF1DB2F0DE6023 /* Interceptor */,
				EACF012FB722A45754E62214 /* Step01_SimpleUse */,
				EACF0E61E844130094956ECE /* TBMBNavView.m */,
				EACF0CCD1BCB717A82281787 /* TBMBNavView.h */,
				EACF064D01635968D981700C /* TBMBNavViewDO.m */,
				EACF068AAF34A5E3310C4A83 /* TBMBNavViewDO.h */,
				EACF0602BE6A5302B28522A6 /* TBMBDemoRootViewController.m */,
				EACF0BA3CDE4AA708DB6F209 /* TBMBDemoRootViewController.h */,
				EACF0BEC5210E2AE9FE4D01D /* Step02_Notification */,
				EACF056CB605573E83ADA0F4 /* Step03_ProxyObject */,
			);
			path = Demo;
			sourceTree = "<group>";
		};
		EACF077BDCE622C9743D44ED /* MBMvcTests */ = {
			isa = PBXGroup;
			children = (
				EACF093A427CC0ACC922995C /* Supporting Files */,
				EACF0ABDD8484047F155F8C1 /* MBMvcTests.h */,
				EACF020B04620474C4D795B3 /* MBMvcTests.m */,
			);
			path = MBMvcTests;
			sourceTree = "<group>";
		};
		EACF093A427CC0ACC922995C /* Supporting Files */ = {
			isa = PBXGroup;
			children = (
				EACF0A943E34ABAE321F94B2 /* MBMvcTests-Info.plist */,
				EACF0E48844C799FD0D1290F /* InfoPlist.strings */,
			);
			name = "Supporting Files";
			sourceTree = "<group>";
		};
		EACF0A957A25CD1B1A993DE3 /* Products */ = {
			isa = PBXGroup;
			children = (
				EACF0F31977927A206266240 /* MBMvc.app */,
				EACF00222F49568473E9C0E1 /* MBMvcTests.octest */,
			);
			name = Products;
			sourceTree = "<group>";
		};
		EACF0BEC5210E2AE9FE4D01D /* Step02_Notification */ = {
			isa = PBXGroup;
			children = (
				EACF00F13C9A39C77EE42DB2 /* TBMBDemoStep2View.m */,
				EACF0FBD39DDF8B77EF64440 /* TBMBDemoStep2View.h */,
				EACF0EB4A17E10C510F69A16 /* TBMBDemoStep2ViewController.m */,
				EACF016E750FAA69EF51384A /* TBMBDemoStep2ViewController.h */,
				EACF08EE34F7AAF19EAE5C89 /* TBMBDemoStep2Command.m */,
				EACF0ED68ED61C37022FE8DC /* TBMBDemoStep2Command.h */,
			);
			path = Step02_Notification;
			sourceTree = "<group>";
		};
		EACF0C631863968DD2C47B4C /* Proxy */ = {
			isa = PBXGroup;
			children = (
				EACF0E57111DA06BDC157FB2 /* TBMBMessageProxy.m */,
				EACF040FA11E7C5BCC313B8B /* TBMBMessageProxy.h */,
				EACF070B0E72AAA5763096CC /* TBMBDefaultRootViewController+TBMBProxy.m */,
				EACF07BA3E6FAA1B17195F5C /* TBMBDefaultRootViewController+TBMBProxy.h */,
				EACF0B4323AD22B43A4F9103 /* TBMBSimpleStaticCommand+TBMBProxy.m */,
				EACF0EEA2FC96B509AFA3CB6 /* TBMBSimpleStaticCommand+TBMBProxy.h */,
				EACF018D7DA1AB2BB9A1D78D /* TBMBSimpleInstanceCommand+TBMBProxy.m */,
				EACF0B30EA0C86778B6BDB70 /* TBMBSimpleInstanceCommand+TBMBProxy.h */,
				EACF014F14419FFBDE5C4E0A /* TBMBDefaultMessageReceiver+TBMBProxy.m */,
				EACF0BAED3F024177BA0BB6E /* TBMBDefaultMessageReceiver+TBMBProxy.h */,
			);
			path = Proxy;
			sourceTree = "<group>";
		};
		EACF0C664EC41437B934C314 /* MBMvc */ = {
			isa = PBXGroup;
			children = (
				EACF05AF33DA91D9871F126B /* Default */,
				EACF0498C833F71FD6288893 /* Facede */,
				EACF041A4340A94EE50DD832 /* Protocol */,
				EACF022DE80075F1CFA492AB /* Util */,
				EACF0DA4F7B8E5270B09C54D /* Bindable */,
				EACF0C631863968DD2C47B4C /* Proxy */,
			);
			path = MBMvc;
			sourceTree = "<group>";
		};
		EACF0D52192F1E5B3BF40004 /* en.lproj */ = {
			isa = PBXGroup;
			children = (
			);
			name = en.lproj;
			sourceTree = "<group>";
		};
		EACF0D71EC854C0EBDDEDA90 /* Supporting Files */ = {
			isa = PBXGroup;
			children = (
			);
			name = "Supporting Files";
			sourceTree = "<group>";
		};
		EACF0DA4F7B8E5270B09C54D /* Bindable */ = {
			isa = PBXGroup;
			children = (
				EACF080F927138E0226D938A /* TBMBBind.m */,
				EACF0B6F367E5559EF06F871 /* TBMBBind.h */,
				EACF07B7B0C0B16B29F24994 /* metamacros.h */,
			);
			path = Bindable;
			sourceTree = "<group>";
		};
/* End PBXGroup section */

/* Begin PBXNativeTarget section */
		EACF00E1817432F0E2F1EF12 /* MBMvcTests */ = {
			isa = PBXNativeTarget;
			buildConfigurationList = EACF0E5FAFEFFD14F3328CFA /* Build configuration list for PBXNativeTarget "MBMvcTests" */;
			buildPhases = (
				EACF0457A3465B233B437183 /* Sources */,
				EACF04E89DA22E4223BB4DE4 /* Frameworks */,
				EACF0C3869516AD8C46651B0 /* Resources */,
				EACF0034F89D30EFA140E09F /* ShellScript */,
			);
			buildRules = (
			);
			dependencies = (
				EACF05EA2F433F1B6DE9B66D /* PBXTargetDependency */,
			);
			name = MBMvcTests;
			productName = MBMvcTests;
			productReference = EACF00222F49568473E9C0E1 /* MBMvcTests.octest */;
			productType = "com.apple.product-type.bundle";
		};
		EACF06DF8F41B3468476ED2C /* MBMvc */ = {
			isa = PBXNativeTarget;
			buildConfigurationList = EACF0F9A6CF11B71A8FFBEBF /* Build configuration list for PBXNativeTarget "MBMvc" */;
			buildPhases = (
				EACF0116ED57431F76F22C7F /* Sources */,
				EACF0724EF7ED480164FFC65 /* Frameworks */,
				EACF031C12B9A8C991291EC2 /* Resources */,
			);
			buildRules = (
			);
			dependencies = (
			);
			name = MBMvc;
			productName = MBMvc;
			productReference = EACF0F31977927A206266240 /* MBMvc.app */;
			productType = "com.apple.product-type.application";
		};
/* End PBXNativeTarget section */

/* Begin PBXProject section */
		EACF0E4522CC4FD51B67D723 /* Project object */ = {
			isa = PBXProject;
			buildConfigurationList = EACF0C4F49E5BBA22DC6BB9A /* Build configuration list for PBXProject "MBMvc" */;
			compatibilityVersion = "Xcode 3.2";
			developmentRegion = English;
			hasScannedForEncodings = 0;
			knownRegions = (
				en,
			);
			mainGroup = EACF01C53FF8E3ECFBC10803;
			productRefGroup = EACF0A957A25CD1B1A993DE3 /* Products */;
			projectDirPath = "";
			projectRoot = "";
			targets = (
				EACF06DF8F41B3468476ED2C /* MBMvc */,
				EACF00E1817432F0E2F1EF12 /* MBMvcTests */,
			);
		};
/* End PBXProject section */

/* Begin PBXResourcesBuildPhase section */
		EACF031C12B9A8C991291EC2 /* Resources */ = {
			isa = PBXResourcesBuildPhase;
			buildActionMask = 2147483647;
			files = (
				EACF07411BAC39CBE2196D50 /* Default.png in Resources */,
				EACF00F3BB9611C843583809 /* Default@2x.png in Resources */,
				EACF0C61DE3198C4072112EA /* Default-568h@2x.png in Resources */,
			);
			runOnlyForDeploymentPostprocessing = 0;
		};
		EACF0C3869516AD8C46651B0 /* Resources */ = {
			isa = PBXResourcesBuildPhase;
			buildActionMask = 2147483647;
			files = (
				EACF002BD4B066233DCAAFB1 /* InfoPlist.strings in Resources */,
			);
			runOnlyForDeploymentPostprocessing = 0;
		};
/* End PBXResourcesBuildPhase section */

/* Begin PBXShellScriptBuildPhase section */
		EACF0034F89D30EFA140E09F /* ShellScript */ = {
			isa = PBXShellScriptBuildPhase;
			buildActionMask = 2147483647;
			files = (
			);
			inputPaths = (
			);
			outputPaths = (
			);
			runOnlyForDeploymentPostprocessing = 0;
			shellPath = /bin/sh;
			shellScript = "# Run the unit tests in this test bundle.\n\"${SYSTEM_DEVELOPER_DIR}/Tools/RunUnitTests\"\n";
		};
/* End PBXShellScriptBuildPhase section */

/* Begin PBXSourcesBuildPhase section */
		EACF0116ED57431F76F22C7F /* Sources */ = {
			isa = PBXSourcesBuildPhase;
			buildActionMask = 2147483647;
			files = (
				EACF01BE35D94A033541F3AA /* main.m in Sources */,
				EACF0B001BD9BE25CCA0B3D5 /* TBMBAppDelegate.m in Sources */,
				EACF0FCFB829D4899F7D4CF5 /* TBMBNavViewController.m in Sources */,
				EACF05A2405BAB8DC3D29FF1 /* TBMBDefaultRootViewController.m in Sources */,
				EACF023EFE1A7853D03AEB16 /* TBMBDefaultFacade.m in Sources */,
				EACF0ECF63E169A1AC59FD53 /* TBMBGlobalFacade.m in Sources */,
				EACF0FA89B08F82AF1AD3231 /* TBMBDefaultNotification.m in Sources */,
				EACF0DB660DDC3B0C40535F1 /* TBMBSimpleStaticCommand.m in Sources */,
				EACF02E764BCB6F08E1615EF /* TBMBSimpleInstanceCommand.m in Sources */,
				EACF0D972E6C6BAA0499D635 /* TBMBUtil.m in Sources */,
				EACF0AE70B05C5B12BAA6884 /* TBMBBind.m in Sources */,
				EACF01054FCCA2B8DF0AE4F6 /* TBMBSimpleSingletonCommand.m in Sources */,
				EACF0F6BEE7B01AFAD7A1BA4 /* TBMBMessageProxy.m in Sources */,
				EACF046CA19C94FD93C5A1DF /* TBMBDefaultRootViewController+TBMBProxy.m in Sources */,
				EACF03C874265ABED67AEAB3 /* TBMBSimpleStaticCommand+TBMBProxy.m in Sources */,
				EACF0829E304988B0107E712 /* TBMBSimpleInstanceCommand+TBMBProxy.m in Sources */,
				EACF0EB7A0931B74454212C1 /* TBMBDefaultMessageReceiver.m in Sources */,
				EACF002027A097DD1FE9E185 /* TBMBDefaultPage.m in Sources */,
				EACF0839261F4161E7E24D40 /* TBMBDefaultCommandInvocation.m in Sources */,
				EACF08D73A3784B7BF5E97FC /* TBMBLogInterceptor.m in Sources */,
				EACF04DE1D5F350D0E4AC751 /* TBMBDefaultMessageReceiver+TBMBProxy.m in Sources */,
				EACF0D9DA7F8A7DCD6F1E8A5 /* TBMBNavView.m in Sources */,
				EACF0DEA45127E106A645446 /* TBMBNavViewDO.m in Sources */,
				EACF007EB684B9FFA566587A /* TBMBDemoStep1ViewController.m in Sources */,
				EACF0B24B0F23710C44F18E5 /* TBMBDemoStep1View.m in Sources */,
				EACF0D98522899BFBA3C0944 /* TBMBDemoRootViewController.m in Sources */,
				EACF05AFAE81F62D08B7CFB2 /* TBMBDemoStep2View.m in Sources */,
				EACF0F0BF446198533CF69CE /* TBMBDemoStep2ViewController.m in Sources */,
				EACF092A70C6DDA53B066777 /* TBMBDemoStep2Command.m in Sources */,
				EACF0C4699DA4E3DBBB59623 /* TBMBDemoStep3View.m in Sources */,
				EACF0DE31157392E860906C6 /* TBMBDemoStep3ViewController.m in Sources */,
				EACF076DF999BFC71E646E30 /* TBMBDemoStep3Command.m in Sources */,
			);
			runOnlyForDeploymentPostprocessing = 0;
		};
		EACF0457A3465B233B437183 /* Sources */ = {
			isa = PBXSourcesBuildPhase;
			buildActionMask = 2147483647;
			files = (
				EACF01435A94CA5287B435E4 /* MBMvcTests.m in Sources */,
				EACF07FDA05B19D29466B216 /* TBMBDefaultRootViewController.m in Sources */,
				EACF00D25D7E4B534138328A /* TBMBDefaultFacade.m in Sources */,
				EACF0C0A8D76F4C66815D50B /* TBMBGlobalFacade.m in Sources */,
				EACF03DE521EF65773062EA3 /* TBMBDefaultNotification.m in Sources */,
				EACF01599595851FD0278382 /* TBMBSimpleStaticCommand.m in Sources */,
				EACF0D54FD79692B7447DA1A /* TBMBSimpleInstanceCommand.m in Sources */,
				EACF0D23A3C06DC05782C40C /* TBMBUtil.m in Sources */,
				EACF0158E560AABE8121EFD0 /* TBMBBind.m in Sources */,
				EACF08DF827B8818D7E9E57E /* TBMBSimpleSingletonCommand.m in Sources */,
				EACF06A3F19808C4AC5E5DE9 /* TBMBMessageProxy.m in Sources */,
				EACF057A5965BCD59E1B7600 /* TBMBDefaultRootViewController+TBMBProxy.m in Sources */,
				EACF0E390A5AD3B294679515 /* TBMBSimpleStaticCommand+TBMBProxy.m in Sources */,
				EACF02038E4D1475384E05C1 /* TBMBSimpleInstanceCommand+TBMBProxy.m in Sources */,
				EACF0BEE00D0E9E271E16F36 /* TBMBDefaultMessageReceiver.m in Sources */,
				EACF0208410EE0B5FABB19E0 /* TBMBDefaultPage.m in Sources */,
				EACF0667B85C17FD36F83EE0 /* TBMBDefaultCommandInvocation.m in Sources */,
				EACF0730CF2D80EB96814D22 /* TBMBLogInterceptor.m in Sources */,
				EACF019F6D34130C3B6DE246 /* TBMBDefaultMessageReceiver+TBMBProxy.m in Sources */,
				EACF0DF056E712518D2804BD /* TBMBNavView.m in Sources */,
				EACF00932398BEB712BC5AA2 /* TBMBNavViewDO.m in Sources */,
				EACF08930CAF88A261848410 /* TBMBDemoStep1ViewController.m in Sources */,
				EACF0AD57509DBC8EE115C06 /* TBMBDemoStep1View.m in Sources */,
				EACF05D5142DD0177CA4D7E3 /* TBMBDemoRootViewController.m in Sources */,
				EACF0BC85C72703B51B0BA4F /* TBMBDemoStep2View.m in Sources */,
				EACF0D259D5E32CF7CE2333F /* TBMBDemoStep2ViewController.m in Sources */,
				EACF0CE2EDF966CE74406107 /* TBMBDemoStep2Command.m in Sources */,
				EACF0F55F99AC5438387091B /* TBMBDemoStep3View.m in Sources */,
				EACF0EDCF5C14B15502951F8 /* TBMBDemoStep3ViewController.m in Sources */,
				EACF0CAE1647AB6DC93CA65D /* TBMBDemoStep3Command.m in Sources */,
			);
			runOnlyForDeploymentPostprocessing = 0;
		};
/* End PBXSourcesBuildPhase section */

/* Begin PBXTargetDependency section */
		EACF05EA2F433F1B6DE9B66D /* PBXTargetDependency */ = {
			isa = PBXTargetDependency;
			target = EACF06DF8F41B3468476ED2C /* MBMvc */;
			targetProxy = EACF024A21E685D9E1C59C93 /* PBXContainerItemProxy */;
		};
/* End PBXTargetDependency section */

/* Begin PBXVariantGroup section */
		EACF0E48844C799FD0D1290F /* InfoPlist.strings */ = {
			isa = PBXVariantGroup;
			children = (
				EACF00A11283172B290F0CA2 /* en */,
			);
			name = InfoPlist.strings;
			sourceTree = "<group>";
		};
/* End PBXVariantGroup section */

/* Begin XCBuildConfiguration section */
		EACF0004B1250D0FE10BDF4C /* Release */ = {
			isa = XCBuildConfiguration;
			buildSettings = {
				BUNDLE_LOADER = "$(BUILT_PRODUCTS_DIR)/MBMvc.app/MBMvc";
				FRAMEWORK_SEARCH_PATHS = (
					"\"$(SDKROOT)/Developer/Library/Frameworks\"",
					"\"$(DEVELOPER_LIBRARY_DIR)/Frameworks\"",
				);
				GCC_PRECOMPILE_PREFIX_HEADER = YES;
				GCC_PREFIX_HEADER = "Demo/MBMvc-Prefix.pch";
				INFOPLIST_FILE = "MBMvcTests/MBMvcTests-Info.plist";
				PRODUCT_NAME = "$(TARGET_NAME)";
				TEST_HOST = "$(BUNDLE_LOADER)";
				WRAPPER_EXTENSION = octest;
			};
			name = Release;
		};
		EACF014063A94A899F6C9716 /* Release */ = {
			isa = XCBuildConfiguration;
			buildSettings = {
				GCC_PRECOMPILE_PREFIX_HEADER = YES;
				GCC_PREFIX_HEADER = "Demo/MBMvc-Prefix.pch";
				INFOPLIST_FILE = "Demo/MBMvc-Info.plist";
				PRODUCT_NAME = "$(TARGET_NAME)";
				WRAPPER_EXTENSION = app;
			};
			name = Release;
		};
		EACF068EF391AB4DABA4E283 /* Debug */ = {
			isa = XCBuildConfiguration;
			buildSettings = {
				GCC_PRECOMPILE_PREFIX_HEADER = YES;
				GCC_PREFIX_HEADER = "Demo/MBMvc-Prefix.pch";
				INFOPLIST_FILE = "Demo/MBMvc-Info.plist";
				PRODUCT_NAME = "$(TARGET_NAME)";
				WRAPPER_EXTENSION = app;
			};
			name = Debug;
		};
		EACF0C6C631DD5B8C5CC7957 /* Release */ = {
			isa = XCBuildConfiguration;
			buildSettings = {
				ALWAYS_SEARCH_USER_PATHS = NO;
				CLANG_CXX_LANGUAGE_STANDARD = "gnu++0x";
				CLANG_CXX_LIBRARY = "libc++";
				CLANG_ENABLE_OBJC_ARC = YES;
				CLANG_WARN_EMPTY_BODY = YES;
				CLANG_WARN__DUPLICATE_METHOD_MATCH = YES;
				"CODE_SIGN_IDENTITY[sdk=iphoneos*]" = "iPhone Developer";
				COPY_PHASE_STRIP = YES;
				GCC_C_LANGUAGE_STANDARD = gnu99;
				GCC_WARN_ABOUT_RETURN_TYPE = YES;
				GCC_WARN_UNINITIALIZED_AUTOS = YES;
				GCC_WARN_UNUSED_VARIABLE = YES;
				IPHONEOS_DEPLOYMENT_TARGET = 6.0;
				OTHER_CFLAGS = "-DNS_BLOCK_ASSERTIONS=1";
				SDKROOT = iphoneos;
				VALIDATE_PRODUCT = YES;
			};
			name = Release;
		};
		EACF0C841C85C5388154BEE3 /* Debug */ = {
			isa = XCBuildConfiguration;
			buildSettings = {
				ALWAYS_SEARCH_USER_PATHS = NO;
				CLANG_CXX_LANGUAGE_STANDARD = "gnu++0x";
				CLANG_CXX_LIBRARY = "libc++";
				CLANG_ENABLE_OBJC_ARC = YES;
				CLANG_WARN_EMPTY_BODY = YES;
				CLANG_WARN__DUPLICATE_METHOD_MATCH = YES;
				"CODE_SIGN_IDENTITY[sdk=iphoneos*]" = "iPhone Developer";
				COPY_PHASE_STRIP = NO;
				GCC_C_LANGUAGE_STANDARD = gnu99;
				GCC_DYNAMIC_NO_PIC = NO;
				GCC_OPTIMIZATION_LEVEL = 0;
				GCC_PREPROCESSOR_DEFINITIONS = (
					"DEBUG=1",
					"$(inherited)",
				);
				GCC_SYMBOLS_PRIVATE_EXTERN = NO;
				GCC_WARN_ABOUT_RETURN_TYPE = YES;
				GCC_WARN_UNINITIALIZED_AUTOS = YES;
				GCC_WARN_UNUSED_VARIABLE = YES;
				IPHONEOS_DEPLOYMENT_TARGET = 6.0;
				ONLY_ACTIVE_ARCH = YES;
				SDKROOT = iphoneos;
			};
			name = Debug;
		};
		EACF0E0C94853947C0FF219D /* Debug */ = {
			isa = XCBuildConfiguration;
			buildSettings = {
				BUNDLE_LOADER = "$(BUILT_PRODUCTS_DIR)/MBMvc.app/MBMvc";
				FRAMEWORK_SEARCH_PATHS = (
					"\"$(SDKROOT)/Developer/Library/Frameworks\"",
					"\"$(DEVELOPER_LIBRARY_DIR)/Frameworks\"",
				);
				GCC_PRECOMPILE_PREFIX_HEADER = YES;
				GCC_PREFIX_HEADER = "Demo/MBMvc-Prefix.pch";
				INFOPLIST_FILE = "MBMvcTests/MBMvcTests-Info.plist";
				PRODUCT_NAME = "$(TARGET_NAME)";
				TEST_HOST = "$(BUNDLE_LOADER)";
				WRAPPER_EXTENSION = octest;
			};
			name = Debug;
		};
/* End XCBuildConfiguration section */

/* Begin XCConfigurationList section */
		EACF0C4F49E5BBA22DC6BB9A /* Build configuration list for PBXProject "MBMvc" */ = {
			isa = XCConfigurationList;
			buildConfigurations = (
				EACF0C6C631DD5B8C5CC7957 /* Release */,
				EACF0C841C85C5388154BEE3 /* Debug */,
			);
			defaultConfigurationIsVisible = 0;
			defaultConfigurationName = Release;
		};
		EACF0E5FAFEFFD14F3328CFA /* Build configuration list for PBXNativeTarget "MBMvcTests" */ = {
			isa = XCConfigurationList;
			buildConfigurations = (
				EACF0004B1250D0FE10BDF4C /* Release */,
				EACF0E0C94853947C0FF219D /* Debug */,
			);
			defaultConfigurationIsVisible = 0;
			defaultConfigurationName = Release;
		};
		EACF0F9A6CF11B71A8FFBEBF /* Build configuration list for PBXNativeTarget "MBMvc" */ = {
			isa = XCConfigurationList;
			buildConfigurations = (
				EACF014063A94A899F6C9716 /* Release */,
				EACF068EF391AB4DABA4E283 /* Debug */,
			);
			defaultConfigurationIsVisible = 0;
			defaultConfigurationName = Release;
		};
/* End XCConfigurationList section */
	};
	rootObject = EACF0E4522CC4FD51B67D723 /* Project object */;
}
