// !$*UTF8*$!
{
	archiveVersion = 1;
	classes = {
	};
	objectVersion = 46;
	objects = {

/* Begin PBXBuildFile section */
		D82E792F201D4E8DBEFD41C8 /* libPods.a in Frameworks */ = {isa = PBXBuildFile; fileRef = 0F574D2AC48E4E92BEE2A936 /* libPods.a */; };
		DC59461A1A810DAE00013118 /* MBMvcTests.m in Sources */ = {isa = PBXBuildFile; fileRef = DC5946191A810DAE00013118 /* MBMvcTests.m */; };
		DC59461B1A810DAE00013118 /* libLibMBMVC.a in Frameworks */ = {isa = PBXBuildFile; fileRef = DC96C3BD174DEE9000DB1628 /* libLibMBMVC.a */; };
		DC96C3BE174DEE9000DB1628 /* Foundation.framework in Frameworks */ = {isa = PBXBuildFile; fileRef = EACF0CB0ADA1C4C12848C7EC /* Foundation.framework */; };
		DC96C3C9174DEF3800DB1628 /* TBMBDefaultFacade.m in Sources */ = {isa = PBXBuildFile; fileRef = EACF0755EFB1DAFCA21432B5 /* TBMBDefaultFacade.m */; };
		DC96C3CA174DEF3800DB1628 /* TBMBDefaultNotification.m in Sources */ = {isa = PBXBuildFile; fileRef = EACF05161E0D2CE4D3883182 /* TBMBDefaultNotification.m */; };
		DC96C3CB174DEF3800DB1628 /* TBMBSimpleStaticCommand.m in Sources */ = {isa = PBXBuildFile; fileRef = EACF0BB084076719C2747425 /* TBMBSimpleStaticCommand.m */; };
		DC96C3CC174DEF3800DB1628 /* TBMBSimpleInstanceCommand.m in Sources */ = {isa = PBXBuildFile; fileRef = EACF0761A6B58420994E034C /* TBMBSimpleInstanceCommand.m */; };
		DC96C3CD174DEF3800DB1628 /* TBMBDefaultRootViewController.m in Sources */ = {isa = PBXBuildFile; fileRef = EACF0DC4DC49733F861F0F6D /* TBMBDefaultRootViewController.m */; };
		DC96C3CE174DEF3800DB1628 /* TBMBSimpleSingletonCommand.m in Sources */ = {isa = PBXBuildFile; fileRef = EACF02E376C813FD4025B4F9 /* TBMBSimpleSingletonCommand.m */; };
		DC96C3CF174DEF3800DB1628 /* TBMBDefaultMessageReceiver.m in Sources */ = {isa = PBXBuildFile; fileRef = EACF05AB7BB806AB6A1B1DB5 /* TBMBDefaultMessageReceiver.m */; };
		DC96C3D0174DEF3800DB1628 /* TBMBDefaultPage.m in Sources */ = {isa = PBXBuildFile; fileRef = EACF0D2E1DD71E9AF0C3F6E5 /* TBMBDefaultPage.m */; };
		DC96C3D1174DEF3800DB1628 /* TBMBDefaultCommandInvocation.m in Sources */ = {isa = PBXBuildFile; fileRef = EACF08E48C32DD0D55DB8912 /* TBMBDefaultCommandInvocation.m */; };
		DC96C3D2174DEF3800DB1628 /* TBMBDefaultMediator.m in Sources */ = {isa = PBXBuildFile; fileRef = EACF0EF9C7417B4711F33752 /* TBMBDefaultMediator.m */; };
		DC96C3D3174DEF3800DB1628 /* TBMBGlobalFacade.m in Sources */ = {isa = PBXBuildFile; fileRef = EACF0DAAB26269FFE69BEE05 /* TBMBGlobalFacade.m */; };
		DC96C3D4174DEF3800DB1628 /* TBMBUtil.m in Sources */ = {isa = PBXBuildFile; fileRef = EACF01467974E8656490884A /* TBMBUtil.m */; };
		DC96C3D5174DEF3800DB1628 /* TBMBBind.m in Sources */ = {isa = PBXBuildFile; fileRef = EACF080F927138E0226D938A /* TBMBBind.m */; };
		DC96C3D6174DEF3800DB1628 /* TBMBMessageProxy.m in Sources */ = {isa = PBXBuildFile; fileRef = EACF0E57111DA06BDC157FB2 /* TBMBMessageProxy.m */; };
		DC96C3D7174DEF3800DB1628 /* TBMBDefaultRootViewController+TBMBProxy.m in Sources */ = {isa = PBXBuildFile; fileRef = EACF070B0E72AAA5763096CC /* TBMBDefaultRootViewController+TBMBProxy.m */; };
		DC96C3D8174DEF3800DB1628 /* TBMBSimpleStaticCommand+TBMBProxy.m in Sources */ = {isa = PBXBuildFile; fileRef = EACF0B4323AD22B43A4F9103 /* TBMBSimpleStaticCommand+TBMBProxy.m */; };
		DC96C3D9174DEF3800DB1628 /* TBMBSimpleInstanceCommand+TBMBProxy.m in Sources */ = {isa = PBXBuildFile; fileRef = EACF018D7DA1AB2BB9A1D78D /* TBMBSimpleInstanceCommand+TBMBProxy.m */; };
		DC96C3DA174DEF3800DB1628 /* TBMBDefaultMessageReceiver+TBMBProxy.m in Sources */ = {isa = PBXBuildFile; fileRef = EACF014F14419FFBDE5C4E0A /* TBMBDefaultMessageReceiver+TBMBProxy.m */; };
		DC96C3DB174DEF3800DB1628 /* TBMBDefaultMediator+TBMBProxy.m in Sources */ = {isa = PBXBuildFile; fileRef = EACF03EB542BDEA366269D41 /* TBMBDefaultMediator+TBMBProxy.m */; };
		DC96C3DD174DEF5700DB1628 /* TBMBDefaultFacade.h in Headers */ = {isa = PBXBuildFile; fileRef = EACF07FF0B8EEF8654C29914 /* TBMBDefaultFacade.h */; };
		DC96C3DE174DEF5700DB1628 /* TBMBDefaultNotification.h in Headers */ = {isa = PBXBuildFile; fileRef = EACF0F0953F514D7A9BB9588 /* TBMBDefaultNotification.h */; };
		DC96C3DF174DEF5700DB1628 /* TBMBSimpleStaticCommand.h in Headers */ = {isa = PBXBuildFile; fileRef = EACF02907226E3934313D629 /* TBMBSimpleStaticCommand.h */; };
		DC96C3E0174DEF5700DB1628 /* TBMBSimpleInstanceCommand.h in Headers */ = {isa = PBXBuildFile; fileRef = EACF0D201D5F5413BB0C1AA1 /* TBMBSimpleInstanceCommand.h */; };
		DC96C3E1174DEF5700DB1628 /* TBMBDefaultRootViewController.h in Headers */ = {isa = PBXBuildFile; fileRef = EACF04A49197313295C9DAB1 /* TBMBDefaultRootViewController.h */; };
		DC96C3E2174DEF5700DB1628 /* TBMBSimpleSingletonCommand.h in Headers */ = {isa = PBXBuildFile; fileRef = EACF0B8130606128EE159A61 /* TBMBSimpleSingletonCommand.h */; };
		DC96C3E3174DEF5700DB1628 /* TBMBDefaultMessageReceiver.h in Headers */ = {isa = PBXBuildFile; fileRef = EACF04C87CC6AD5D3E221B2C /* TBMBDefaultMessageReceiver.h */; };
		DC96C3E4174DEF5700DB1628 /* TBMBDefaultPage.h in Headers */ = {isa = PBXBuildFile; fileRef = EACF0CE9D33F31FCD13BFA29 /* TBMBDefaultPage.h */; };
		DC96C3E5174DEF5700DB1628 /* TBMBDefaultCommandInvocation.h in Headers */ = {isa = PBXBuildFile; fileRef = EACF0DFCD86336834D4BDA20 /* TBMBDefaultCommandInvocation.h */; };
		DC96C3E7174DEF5700DB1628 /* TBMBDefaultMediator.h in Headers */ = {isa = PBXBuildFile; fileRef = EACF04BB086759E0885A6C1C /* TBMBDefaultMediator.h */; };
		DC96C3E8174DEF5700DB1628 /* TBMBGlobalFacade.h in Headers */ = {isa = PBXBuildFile; fileRef = EACF076966D60DA2353A80AF /* TBMBGlobalFacade.h */; };
		DC96C3E9174DEF5700DB1628 /* TBMBMessageReceiver.h in Headers */ = {isa = PBXBuildFile; fileRef = EACF07902CF4BEF73CAE5E67 /* TBMBMessageReceiver.h */; };
		DC96C3EA174DEF5700DB1628 /* TBMBNotification.h in Headers */ = {isa = PBXBuildFile; fileRef = EACF0C59AFBE61AE9FEE8BCF /* TBMBNotification.h */; };
		DC96C3EB174DEF5700DB1628 /* TBMBMessageSender.h in Headers */ = {isa = PBXBuildFile; fileRef = EACF035FAB2F66CED9E8174E /* TBMBMessageSender.h */; };
		DC96C3EC174DEF5700DB1628 /* TBMBFacade.h in Headers */ = {isa = PBXBuildFile; fileRef = EACF016B1356C362661AFFEF /* TBMBFacade.h */; };
		DC96C3ED174DEF5700DB1628 /* TBMBStaticCommand.h in Headers */ = {isa = PBXBuildFile; fileRef = EACF0D9041C3E2B14E58C15C /* TBMBStaticCommand.h */; };
		DC96C3EE174DEF5700DB1628 /* TBMBInstanceCommand.h in Headers */ = {isa = PBXBuildFile; fileRef = EACF0C42E018916502131565 /* TBMBInstanceCommand.h */; };
		DC96C3EF174DEF5700DB1628 /* TBMBCommand.h in Headers */ = {isa = PBXBuildFile; fileRef = EACF00B4DE855DEECCC0B05A /* TBMBCommand.h */; };
		DC96C3F0174DEF5700DB1628 /* TBMBSingletonCommand.h in Headers */ = {isa = PBXBuildFile; fileRef = EACF077024524A39BAC13237 /* TBMBSingletonCommand.h */; };
		DC96C3F1174DEF5700DB1628 /* TBMBOnlyProxy.h in Headers */ = {isa = PBXBuildFile; fileRef = EACF0D38E08E6841AAA9802D /* TBMBOnlyProxy.h */; };
		DC96C3F2174DEF5700DB1628 /* TBMBPage.h in Headers */ = {isa = PBXBuildFile; fileRef = EACF0ABFABB9A07342A46C3A /* TBMBPage.h */; };
		DC96C3F3174DEF5700DB1628 /* TBMBCommandInvocation.h in Headers */ = {isa = PBXBuildFile; fileRef = EACF09683655BB5983B89FED /* TBMBCommandInvocation.h */; };
		DC96C3F4174DEF5700DB1628 /* TBMBCommandInterceptor.h in Headers */ = {isa = PBXBuildFile; fileRef = EACF00143526FE645AAF3FAF /* TBMBCommandInterceptor.h */; };
		DC96C3F5174DEF5700DB1628 /* TBMBUtil.h in Headers */ = {isa = PBXBuildFile; fileRef = EACF085E254F3EFB3DAE4F38 /* TBMBUtil.h */; };
		DC96C3F6174DEF5700DB1628 /* TBMBBind.h in Headers */ = {isa = PBXBuildFile; fileRef = EACF0B6F367E5559EF06F871 /* TBMBBind.h */; };
		DC96C3F7174DEF5700DB1628 /* TBMB_metamacros.h in Headers */ = {isa = PBXBuildFile; fileRef = EACF07B7B0C0B16B29F24994 /* TBMB_metamacros.h */; };
		DC96C3F8174DEF5700DB1628 /* TBMBMessageProxy.h in Headers */ = {isa = PBXBuildFile; fileRef = EACF040FA11E7C5BCC313B8B /* TBMBMessageProxy.h */; };
		DC96C3F9174DEF5700DB1628 /* TBMBDefaultRootViewController+TBMBProxy.h in Headers */ = {isa = PBXBuildFile; fileRef = EACF07BA3E6FAA1B17195F5C /* TBMBDefaultRootViewController+TBMBProxy.h */; };
		DC96C3FA174DEF5700DB1628 /* TBMBSimpleStaticCommand+TBMBProxy.h in Headers */ = {isa = PBXBuildFile; fileRef = EACF0EEA2FC96B509AFA3CB6 /* TBMBSimpleStaticCommand+TBMBProxy.h */; };
		DC96C3FB174DEF5700DB1628 /* TBMBSimpleInstanceCommand+TBMBProxy.h in Headers */ = {isa = PBXBuildFile; fileRef = EACF0B30EA0C86778B6BDB70 /* TBMBSimpleInstanceCommand+TBMBProxy.h */; };
		DC96C3FC174DEF5700DB1628 /* TBMBDefaultMessageReceiver+TBMBProxy.h in Headers */ = {isa = PBXBuildFile; fileRef = EACF0BAED3F024177BA0BB6E /* TBMBDefaultMessageReceiver+TBMBProxy.h */; };
		DC96C3FD174DEF5700DB1628 /* TBMBDefaultMediator+TBMBProxy.h in Headers */ = {isa = PBXBuildFile; fileRef = EACF0885047F60C5216DCAD1 /* TBMBDefaultMediator+TBMBProxy.h */; };
		DC96C3FE174DEF7D00DB1628 /* TBMBAppDelegate.m in Sources */ = {isa = PBXBuildFile; fileRef = EACF0114696E5921FD1438BC /* TBMBAppDelegate.m */; };
		DC96C3FF174DEF7D00DB1628 /* TBMBNavViewController.m in Sources */ = {isa = PBXBuildFile; fileRef = EACF01DAA530DD7BDABD9AC9 /* TBMBNavViewController.m */; };
		DC96C400174DEF7D00DB1628 /* main.m in Sources */ = {isa = PBXBuildFile; fileRef = EACF003361E0B86F01564B8D /* main.m */; };
		DC96C401174DEF7D00DB1628 /* TBMBDemoStep1ViewController.m in Sources */ = {isa = PBXBuildFile; fileRef = EACF0FE74DCE1D82713CA357 /* TBMBDemoStep1ViewController.m */; };
		DC96C402174DEF7D00DB1628 /* TBMBDemoStep1View.m in Sources */ = {isa = PBXBuildFile; fileRef = EACF04A6BE09CB8557A8DACE /* TBMBDemoStep1View.m */; };
		DC96C403174DEF7D00DB1628 /* TBMBNavView.m in Sources */ = {isa = PBXBuildFile; fileRef = EACF0E61E844130094956ECE /* TBMBNavView.m */; };
		DC96C404174DEF7D00DB1628 /* TBMBNavViewDO.m in Sources */ = {isa = PBXBuildFile; fileRef = EACF064D01635968D981700C /* TBMBNavViewDO.m */; };
		DC96C405174DEF7D00DB1628 /* TBMBDemoRootViewController.m in Sources */ = {isa = PBXBuildFile; fileRef = EACF0602BE6A5302B28522A6 /* TBMBDemoRootViewController.m */; };
		DC96C406174DEF7D00DB1628 /* TBMBDemoStep2View.m in Sources */ = {isa = PBXBuildFile; fileRef = EACF00F13C9A39C77EE42DB2 /* TBMBDemoStep2View.m */; };
		DC96C407174DEF7D00DB1628 /* TBMBDemoStep2ViewController.m in Sources */ = {isa = PBXBuildFile; fileRef = EACF0EB4A17E10C510F69A16 /* TBMBDemoStep2ViewController.m */; };
		DC96C408174DEF7D00DB1628 /* TBMBDemoStep2Command.m in Sources */ = {isa = PBXBuildFile; fileRef = EACF08EE34F7AAF19EAE5C89 /* TBMBDemoStep2Command.m */; };
		DC96C409174DEF7D00DB1628 /* TBMBDemoStep3View.m in Sources */ = {isa = PBXBuildFile; fileRef = EACF0D0B8BC1B30E17637369 /* TBMBDemoStep3View.m */; };
		DC96C40A174DEF7D00DB1628 /* TBMBDemoStep3ViewController.m in Sources */ = {isa = PBXBuildFile; fileRef = EACF07D0BF6453B518FB20F8 /* TBMBDemoStep3ViewController.m */; };
		DC96C40B174DEF7D00DB1628 /* TBMBDemoStep3Command.m in Sources */ = {isa = PBXBuildFile; fileRef = EACF0A1E20932FB643E99306 /* TBMBDemoStep3Command.m */; };
		DC96C40C174DEF7D00DB1628 /* TBMBDemoStep4View.m in Sources */ = {isa = PBXBuildFile; fileRef = EACF0F132A6B2D515656B148 /* TBMBDemoStep4View.m */; };
		DC96C40D174DEF7D00DB1628 /* TBMBDemoStep4ViewDO.m in Sources */ = {isa = PBXBuildFile; fileRef = EACF0CA15B798321DFA8DBDD /* TBMBDemoStep4ViewDO.m */; };
		DC96C40E174DEF7D00DB1628 /* TBMBDemoStep4ViewController.m in Sources */ = {isa = PBXBuildFile; fileRef = EACF00C7FA9ECDD26970485C /* TBMBDemoStep4ViewController.m */; };
		DC96C40F174DEF7D00DB1628 /* TBMBDemoStep5View.m in Sources */ = {isa = PBXBuildFile; fileRef = EACF08ED4C9088C08DD964F0 /* TBMBDemoStep5View.m */; };
		DC96C410174DEF7D00DB1628 /* TBMBDemoStep5ViewDO.m in Sources */ = {isa = PBXBuildFile; fileRef = EACF0B998BA89B025525F551 /* TBMBDemoStep5ViewDO.m */; };
		DC96C411174DEF7D00DB1628 /* TBMBDemoStep5ViewController.m in Sources */ = {isa = PBXBuildFile; fileRef = EACF00C7C99DC5A9FB69E1B5 /* TBMBDemoStep5ViewController.m */; };
		DC96C412174DEF7D00DB1628 /* TBMBDemoStep5Command.m in Sources */ = {isa = PBXBuildFile; fileRef = EACF03DB799C3219F4821E75 /* TBMBDemoStep5Command.m */; };
		DC96C413174DEF7D00DB1628 /* TBMBTestMemoryView.m in Sources */ = {isa = PBXBuildFile; fileRef = EACF0191621E37EF0B9F4189 /* TBMBTestMemoryView.m */; };
		DC96C414174DEF7D00DB1628 /* TBMBTestMemoryViewController.m in Sources */ = {isa = PBXBuildFile; fileRef = EACF0251417711D5E602F1DF /* TBMBTestMemoryViewController.m */; };
		DC96C415174DEF7D00DB1628 /* TBMBTestInterceptorView.m in Sources */ = {isa = PBXBuildFile; fileRef = EACF09A9E33658A9CC1BE7ED /* TBMBTestInterceptorView.m */; };
		DC96C416174DEF7D00DB1628 /* TBMBTestInterceptorViewDO.m in Sources */ = {isa = PBXBuildFile; fileRef = EACF0B9AF0CC834D5D9518C3 /* TBMBTestInterceptorViewDO.m */; };
		DC96C417174DEF7D00DB1628 /* TBMBTestInterceptorViewController.m in Sources */ = {isa = PBXBuildFile; fileRef = EACF06D5D6B64FB855661CB3 /* TBMBTestInterceptorViewController.m */; };
		DC96C418174DEF7D00DB1628 /* TBMBLogInterceptor.m in Sources */ = {isa = PBXBuildFile; fileRef = EACF0E99EBDA61DFC1264086 /* TBMBLogInterceptor.m */; };
		DC96C419174DEF7D00DB1628 /* TBMBAutoNilDelegateView.m in Sources */ = {isa = PBXBuildFile; fileRef = EACF0D58D19506E8D4329259 /* TBMBAutoNilDelegateView.m */; };
		DC96C41A174DEF7D00DB1628 /* TBMBAutoNilDelegateViewDO.m in Sources */ = {isa = PBXBuildFile; fileRef = EACF074C7CD1A7897E6A0E28 /* TBMBAutoNilDelegateViewDO.m */; };
		DC96C41B174DEF7D00DB1628 /* TBMBAutoNilDelegateViewController.m in Sources */ = {isa = PBXBuildFile; fileRef = EACF0F9491E2CA3775DA8EF4 /* TBMBAutoNilDelegateViewController.m */; };
		DC96C41C174DEF7D00DB1628 /* TBMBDemoStep6ViewController.m in Sources */ = {isa = PBXBuildFile; fileRef = EACF0F879DA2D2391DAA1FAD /* TBMBDemoStep6ViewController.m */; };
		DC96C41D174DEF7D00DB1628 /* TBMBDemoStep6View.m in Sources */ = {isa = PBXBuildFile; fileRef = EACF09526A82116F61F9411F /* TBMBDemoStep6View.m */; };
		DC96C420174DEF8600DB1628 /* libLibMBMVC.a in Frameworks */ = {isa = PBXBuildFile; fileRef = DC96C3BD174DEE9000DB1628 /* libLibMBMVC.a */; };
		DC96C421174DEFE400DB1628 /* UIKit.framework in Frameworks */ = {isa = PBXBuildFile; fileRef = EACF00C43235422C43B05660 /* UIKit.framework */; };
		EACF00F3BB9611C843583809 /* Default@2x.png in Resources */ = {isa = PBXBuildFile; fileRef = EACF0A8ABDAD7B9398C5EB01 /* Default@2x.png */; };
		EACF01C29701FDA299DFE9BC /* UIKit.framework in Frameworks */ = {isa = PBXBuildFile; fileRef = EACF00C43235422C43B05660 /* UIKit.framework */; };
		EACF02669AA809AB522F6E99 /* TBMBRxCommand.m in Sources */ = {isa = PBXBuildFile; fileRef = EACF0EBB9C1E23A5BEE3A60C /* TBMBRxCommand.m */; };
		EACF03F2581BACB54DF53900 /* CoreGraphics.framework in Frameworks */ = {isa = PBXBuildFile; fileRef = EACF0382094DB4A2826ACA01 /* CoreGraphics.framework */; };
		EACF0448CAB68FD3E3AF89EB /* TBMBTestRxCommand.m in Sources */ = {isa = PBXBuildFile; fileRef = EACF0A8DD8FAE278A0EF1799 /* TBMBTestRxCommand.m */; };
		EACF0613B2ABCD67BE964C7F /* TBMBRxSingletonCommand.m in Sources */ = {isa = PBXBuildFile; fileRef = EACF085B1A008BE99861209B /* TBMBRxSingletonCommand.m */; };
		EACF07411BAC39CBE2196D50 /* Default.png in Resources */ = {isa = PBXBuildFile; fileRef = EACF0B0638BD017E4E305399 /* Default.png */; };
		EACF0771DE5E9BF8C8E5A453 /* TBMBRxCommand.h in Headers */ = {isa = PBXBuildFile; fileRef = EACF0AFF2056AA15F16379C9 /* TBMBRxCommand.h */; };
		EACF07750D08B5D9ADFAFE58 /* TBMBRxErrorUtil.h in Headers */ = {isa = PBXBuildFile; fileRef = EACF07AF72823CD393FE57FF /* TBMBRxErrorUtil.h */; };
		EACF09143BA0886652B21615 /* TBMBDemoStep7View.m in Sources */ = {isa = PBXBuildFile; fileRef = EACF0C76950A5BC2D137A408 /* TBMBDemoStep7View.m */; };
		EACF098D8F6F40A4D6671354 /* TBMBRxSingletonCommand.h in Headers */ = {isa = PBXBuildFile; fileRef = EACF0523EDB71E06DDED5C9E /* TBMBRxSingletonCommand.h */; };
		EACF09E26CCD802A79140A98 /* TBMBDemoStep7ViewController.m in Sources */ = {isa = PBXBuildFile; fileRef = EACF0C4B12A519F30F1B166D /* TBMBDemoStep7ViewController.m */; };
		EACF0A0236F08407B5100D0E /* Foundation.framework in Frameworks */ = {isa = PBXBuildFile; fileRef = EACF0CB0ADA1C4C12848C7EC /* Foundation.framework */; };
		EACF0B0B7385142542B959D3 /* TBMBRxErrorUtil.m in Sources */ = {isa = PBXBuildFile; fileRef = EACF0326BB7CB38906F21868 /* TBMBRxErrorUtil.m */; };
		EACF0B5311D5283922984A85 /* TBMBDemoStep7ViewModel.m in Sources */ = {isa = PBXBuildFile; fileRef = EACF079120A748B3FB89A287 /* TBMBDemoStep7ViewModel.m */; };
		EACF0C61DE3198C4072112EA /* Default-568h@2x.png in Resources */ = {isa = PBXBuildFile; fileRef = EACF0D56FB6AD62FF7BAF587 /* Default-568h@2x.png */; };
/* End PBXBuildFile section */

/* Begin PBXContainerItemProxy section */
		DC59461C1A810DAE00013118 /* PBXContainerItemProxy */ = {
			isa = PBXContainerItemProxy;
			containerPortal = EACF0E4522CC4FD51B67D723 /* Project object */;
			proxyType = 1;
			remoteGlobalIDString = DC96C3BC174DEE9000DB1628;
			remoteInfo = LibMBMVC;
		};
		DC96C41E174DEF8100DB1628 /* PBXContainerItemProxy */ = {
			isa = PBXContainerItemProxy;
			containerPortal = EACF0E4522CC4FD51B67D723 /* Project object */;
			proxyType = 1;
			remoteGlobalIDString = DC96C3BC174DEE9000DB1628;
			remoteInfo = LibMBMVC;
		};
/* End PBXContainerItemProxy section */

/* Begin PBXFileReference section */
		0F574D2AC48E4E92BEE2A936 /* libPods.a */ = {isa = PBXFileReference; explicitFileType = archive.ar; includeInIndex = 0; path = libPods.a; sourceTree = BUILT_PRODUCTS_DIR; };
		1CF778F6DC19D2401CC0CE41 /* Pods.release.xcconfig */ = {isa = PBXFileReference; includeInIndex = 1; lastKnownFileType = text.xcconfig; name = Pods.release.xcconfig; path = "Pods/Target Support Files/Pods/Pods.release.xcconfig"; sourceTree = "<group>"; };
		63457FF1F2CF8987F05B28EC /* Pods.debug.xcconfig */ = {isa = PBXFileReference; includeInIndex = 1; lastKnownFileType = text.xcconfig; name = Pods.debug.xcconfig; path = "Pods/Target Support Files/Pods/Pods.debug.xcconfig"; sourceTree = "<group>"; };
		8C2C173C5FB84509813A97F7 /* libPods-LibMBMVC.a */ = {isa = PBXFileReference; explicitFileType = archive.ar; includeInIndex = 0; path = "libPods-LibMBMVC.a"; sourceTree = BUILT_PRODUCTS_DIR; };
		BC9CE49A77104CD4634DACB9 /* libPods-MBMvcTests.a */ = {isa = PBXFileReference; explicitFileType = archive.ar; includeInIndex = 0; path = "libPods-MBMvcTests.a"; sourceTree = BUILT_PRODUCTS_DIR; };
		DC5946151A810DAE00013118 /* MBMvcTests.xctest */ = {isa = PBXFileReference; explicitFileType = wrapper.cfbundle; includeInIndex = 0; path = MBMvcTests.xctest; sourceTree = BUILT_PRODUCTS_DIR; };
		DC5946181A810DAE00013118 /* Info.plist */ = {isa = PBXFileReference; lastKnownFileType = text.plist.xml; path = Info.plist; sourceTree = "<group>"; };
		DC5946191A810DAE00013118 /* MBMvcTests.m */ = {isa = PBXFileReference; lastKnownFileType = sourcecode.c.objc; path = MBMvcTests.m; sourceTree = "<group>"; };
		DC96C3BD174DEE9000DB1628 /* libLibMBMVC.a */ = {isa = PBXFileReference; explicitFileType = archive.ar; includeInIndex = 0; path = libLibMBMVC.a; sourceTree = BUILT_PRODUCTS_DIR; };
		DCE3748E1A81B5F000842CCA /* libPods-ReactiveCocoa.a */ = {isa = PBXFileReference; lastKnownFileType = archive.ar; name = "libPods-ReactiveCocoa.a"; path = "Pods/build/Debug-iphoneos/libPods-ReactiveCocoa.a"; sourceTree = "<group>"; };
		EACF00143526FE645AAF3FAF /* TBMBCommandInterceptor.h */ = {isa = PBXFileReference; fileEncoding = 4; lastKnownFileType = sourcecode.c.h; path = TBMBCommandInterceptor.h; sourceTree = "<group>"; };
		EACF003361E0B86F01564B8D /* main.m */ = {isa = PBXFileReference; lastKnownFileType = sourcecode.c.objc; path = main.m; sourceTree = "<group>"; };
		EACF0076A143CB39C2F37F3D /* MBMvc-Info.plist */ = {isa = PBXFileReference; lastKnownFileType = text.plist.info; path = "MBMvc-Info.plist"; sourceTree = "<group>"; };
		EACF009774316C26B5B64941 /* TBMBTestInterceptorViewDO.h */ = {isa = PBXFileReference; fileEncoding = 4; lastKnownFileType = sourcecode.c.h; path = TBMBTestInterceptorViewDO.h; sourceTree = "<group>"; };
		EACF00B4DE855DEECCC0B05A /* TBMBCommand.h */ = {isa = PBXFileReference; fileEncoding = 4; lastKnownFileType = sourcecode.c.h; path = TBMBCommand.h; sourceTree = "<group>"; };
		EACF00C43235422C43B05660 /* UIKit.framework */ = {isa = PBXFileReference; lastKnownFileType = wrapper.framework; name = UIKit.framework; path = System/Library/Frameworks/UIKit.framework; sourceTree = SDKROOT; };
		EACF00C7C99DC5A9FB69E1B5 /* TBMBDemoStep5ViewController.m */ = {isa = PBXFileReference; fileEncoding = 4; lastKnownFileType = sourcecode.c.objc; path = TBMBDemoStep5ViewController.m; sourceTree = "<group>"; };
		EACF00C7FA9ECDD26970485C /* TBMBDemoStep4ViewController.m */ = {isa = PBXFileReference; fileEncoding = 4; lastKnownFileType = sourcecode.c.objc; path = TBMBDemoStep4ViewController.m; sourceTree = "<group>"; };
		EACF00F13C9A39C77EE42DB2 /* TBMBDemoStep2View.m */ = {isa = PBXFileReference; fileEncoding = 4; lastKnownFileType = sourcecode.c.objc; path = TBMBDemoStep2View.m; sourceTree = "<group>"; };
		EACF0114696E5921FD1438BC /* TBMBAppDelegate.m */ = {isa = PBXFileReference; lastKnownFileType = sourcecode.c.objc; path = TBMBAppDelegate.m; sourceTree = "<group>"; };
		EACF01467974E8656490884A /* TBMBUtil.m */ = {isa = PBXFileReference; fileEncoding = 4; lastKnownFileType = sourcecode.c.objc; path = TBMBUtil.m; sourceTree = "<group>"; };
		EACF014F14419FFBDE5C4E0A /* TBMBDefaultMessageReceiver+TBMBProxy.m */ = {isa = PBXFileReference; fileEncoding = 4; lastKnownFileType = sourcecode.c.objc; path = "TBMBDefaultMessageReceiver+TBMBProxy.m"; sourceTree = "<group>"; };
		EACF01650425CA8AD11B2377 /* TBMBDemoStep5ViewDO.h */ = {isa = PBXFileReference; fileEncoding = 4; lastKnownFileType = sourcecode.c.h; path = TBMBDemoStep5ViewDO.h; sourceTree = "<group>"; };
		EACF016B1356C362661AFFEF /* TBMBFacade.h */ = {isa = PBXFileReference; fileEncoding = 4; lastKnownFileType = sourcecode.c.h; path = TBMBFacade.h; sourceTree = "<group>"; };
		EACF016E750FAA69EF51384A /* TBMBDemoStep2ViewController.h */ = {isa = PBXFileReference; fileEncoding = 4; lastKnownFileType = sourcecode.c.h; path = TBMBDemoStep2ViewController.h; sourceTree = "<group>"; };
		EACF018D7DA1AB2BB9A1D78D /* TBMBSimpleInstanceCommand+TBMBProxy.m */ = {isa = PBXFileReference; fileEncoding = 4; lastKnownFileType = sourcecode.c.objc; path = "TBMBSimpleInstanceCommand+TBMBProxy.m"; sourceTree = "<group>"; };
		EACF0191621E37EF0B9F4189 /* TBMBTestMemoryView.m */ = {isa = PBXFileReference; fileEncoding = 4; lastKnownFileType = sourcecode.c.objc; path = TBMBTestMemoryView.m; sourceTree = "<group>"; };
		EACF01DAA530DD7BDABD9AC9 /* TBMBNavViewController.m */ = {isa = PBXFileReference; lastKnownFileType = sourcecode.c.objc; path = TBMBNavViewController.m; sourceTree = "<group>"; };
		EACF01E0B0F5768933453EBA /* TBMBDemoStep7ViewController.h */ = {isa = PBXFileReference; fileEncoding = 4; lastKnownFileType = sourcecode.c.h; path = TBMBDemoStep7ViewController.h; sourceTree = "<group>"; };
		EACF0229962BC22B4D4F5A69 /* TBMBTestInterceptorView.h */ = {isa = PBXFileReference; fileEncoding = 4; lastKnownFileType = sourcecode.c.h; path = TBMBTestInterceptorView.h; sourceTree = "<group>"; };
		EACF0251417711D5E602F1DF /* TBMBTestMemoryViewController.m */ = {isa = PBXFileReference; fileEncoding = 4; lastKnownFileType = sourcecode.c.objc; path = TBMBTestMemoryViewController.m; sourceTree = "<group>"; };
		EACF0253EBED3ABB635EE061 /* TBMBDemoStep3Command.h */ = {isa = PBXFileReference; fileEncoding = 4; lastKnownFileType = sourcecode.c.h; path = TBMBDemoStep3Command.h; sourceTree = "<group>"; };
		EACF02907226E3934313D629 /* TBMBSimpleStaticCommand.h */ = {isa = PBXFileReference; fileEncoding = 4; lastKnownFileType = sourcecode.c.h; path = TBMBSimpleStaticCommand.h; sourceTree = "<group>"; };
		EACF02B4F4BE10716FFF1B8F /* TBMBDemoStep5Command.h */ = {isa = PBXFileReference; fileEncoding = 4; lastKnownFileType = sourcecode.c.h; path = TBMBDemoStep5Command.h; sourceTree = "<group>"; };
		EACF02E376C813FD4025B4F9 /* TBMBSimpleSingletonCommand.m */ = {isa = PBXFileReference; fileEncoding = 4; lastKnownFileType = sourcecode.c.objc; path = TBMBSimpleSingletonCommand.m; sourceTree = "<group>"; };
		EACF0326BB7CB38906F21868 /* TBMBRxErrorUtil.m */ = {isa = PBXFileReference; fileEncoding = 4; lastKnownFileType = sourcecode.c.objc; path = TBMBRxErrorUtil.m; sourceTree = "<group>"; };
		EACF035FAB2F66CED9E8174E /* TBMBMessageSender.h */ = {isa = PBXFileReference; fileEncoding = 4; lastKnownFileType = sourcecode.c.h; path = TBMBMessageSender.h; sourceTree = "<group>"; };
		EACF0379AFD83C61A5929C65 /* TBMBDemoStep7ViewModel.h */ = {isa = PBXFileReference; fileEncoding = 4; lastKnownFileType = sourcecode.c.h; path = TBMBDemoStep7ViewModel.h; sourceTree = "<group>"; };
		EACF0382094DB4A2826ACA01 /* CoreGraphics.framework */ = {isa = PBXFileReference; lastKnownFileType = wrapper.framework; name = CoreGraphics.framework; path = System/Library/Frameworks/CoreGraphics.framework; sourceTree = SDKROOT; };
		EACF03DB799C3219F4821E75 /* TBMBDemoStep5Command.m */ = {isa = PBXFileReference; fileEncoding = 4; lastKnownFileType = sourcecode.c.objc; path = TBMBDemoStep5Command.m; sourceTree = "<group>"; };
		EACF03E9DC10A6788149B625 /* TBMBDemoStep6ViewController.h */ = {isa = PBXFileReference; fileEncoding = 4; lastKnownFileType = sourcecode.c.h; path = TBMBDemoStep6ViewController.h; sourceTree = "<group>"; };
		EACF03EB542BDEA366269D41 /* TBMBDefaultMediator+TBMBProxy.m */ = {isa = PBXFileReference; fileEncoding = 4; lastKnownFileType = sourcecode.c.objc; path = "TBMBDefaultMediator+TBMBProxy.m"; sourceTree = "<group>"; };
		EACF040FA11E7C5BCC313B8B /* TBMBMessageProxy.h */ = {isa = PBXFileReference; fileEncoding = 4; lastKnownFileType = sourcecode.c.h; path = TBMBMessageProxy.h; sourceTree = "<group>"; };
		EACF0474F96734A61AC5BE74 /* TBMBTestRxCommand.h */ = {isa = PBXFileReference; fileEncoding = 4; lastKnownFileType = sourcecode.c.h; path = TBMBTestRxCommand.h; sourceTree = "<group>"; };
		EACF04A49197313295C9DAB1 /* TBMBDefaultRootViewController.h */ = {isa = PBXFileReference; fileEncoding = 4; lastKnownFileType = sourcecode.c.h; path = TBMBDefaultRootViewController.h; sourceTree = "<group>"; };
		EACF04A6BE09CB8557A8DACE /* TBMBDemoStep1View.m */ = {isa = PBXFileReference; fileEncoding = 4; lastKnownFileType = sourcecode.c.objc; path = TBMBDemoStep1View.m; sourceTree = "<group>"; };
		EACF04BB086759E0885A6C1C /* TBMBDefaultMediator.h */ = {isa = PBXFileReference; fileEncoding = 4; lastKnownFileType = sourcecode.c.h; path = TBMBDefaultMediator.h; sourceTree = "<group>"; };
		EACF04C87CC6AD5D3E221B2C /* TBMBDefaultMessageReceiver.h */ = {isa = PBXFileReference; fileEncoding = 4; lastKnownFileType = sourcecode.c.h; path = TBMBDefaultMessageReceiver.h; sourceTree = "<group>"; };
		EACF05161E0D2CE4D3883182 /* TBMBDefaultNotification.m */ = {isa = PBXFileReference; fileEncoding = 4; lastKnownFileType = sourcecode.c.objc; path = TBMBDefaultNotification.m; sourceTree = "<group>"; };
		EACF051D954EF450AC2DB676 /* TBMBTestMemoryViewController.h */ = {isa = PBXFileReference; fileEncoding = 4; lastKnownFileType = sourcecode.c.h; path = TBMBTestMemoryViewController.h; sourceTree = "<group>"; };
		EACF0523EDB71E06DDED5C9E /* TBMBRxSingletonCommand.h */ = {isa = PBXFileReference; fileEncoding = 4; lastKnownFileType = sourcecode.c.h; path = TBMBRxSingletonCommand.h; sourceTree = "<group>"; };
		EACF05AB7BB806AB6A1B1DB5 /* TBMBDefaultMessageReceiver.m */ = {isa = PBXFileReference; fileEncoding = 4; lastKnownFileType = sourcecode.c.objc; path = TBMBDefaultMessageReceiver.m; sourceTree = "<group>"; };
		EACF0602BE6A5302B28522A6 /* TBMBDemoRootViewController.m */ = {isa = PBXFileReference; fileEncoding = 4; lastKnownFileType = sourcecode.c.objc; path = TBMBDemoRootViewController.m; sourceTree = "<group>"; };
		EACF0603DF1D1C1B609B555D /* TBMBLogInterceptor.h */ = {isa = PBXFileReference; fileEncoding = 4; lastKnownFileType = sourcecode.c.h; path = TBMBLogInterceptor.h; sourceTree = "<group>"; };
		EACF06356D98E1902E0189CE /* MBMvc-Prefix.pch */ = {isa = PBXFileReference; lastKnownFileType = sourcecode.c.h; path = "MBMvc-Prefix.pch"; sourceTree = "<group>"; };
		EACF064D01635968D981700C /* TBMBNavViewDO.m */ = {isa = PBXFileReference; fileEncoding = 4; lastKnownFileType = sourcecode.c.objc; path = TBMBNavViewDO.m; sourceTree = "<group>"; };
		EACF068AAF34A5E3310C4A83 /* TBMBNavViewDO.h */ = {isa = PBXFileReference; fileEncoding = 4; lastKnownFileType = sourcecode.c.h; path = TBMBNavViewDO.h; sourceTree = "<group>"; };
		EACF06D5D6B64FB855661CB3 /* TBMBTestInterceptorViewController.m */ = {isa = PBXFileReference; fileEncoding = 4; lastKnownFileType = sourcecode.c.objc; path = TBMBTestInterceptorViewController.m; sourceTree = "<group>"; };
		EACF06F84E9A49AB996B6506 /* TBMBDemoStep1View.h */ = {isa = PBXFileReference; fileEncoding = 4; lastKnownFileType = sourcecode.c.h; path = TBMBDemoStep1View.h; sourceTree = "<group>"; };
		EACF070B0E72AAA5763096CC /* TBMBDefaultRootViewController+TBMBProxy.m */ = {isa = PBXFileReference; fileEncoding = 4; lastKnownFileType = sourcecode.c.objc; path = "TBMBDefaultRootViewController+TBMBProxy.m"; sourceTree = "<group>"; };
		EACF073CBC48B7848B5B14AE /* TBMBAutoNilDelegateViewController.h */ = {isa = PBXFileReference; fileEncoding = 4; lastKnownFileType = sourcecode.c.h; path = TBMBAutoNilDelegateViewController.h; sourceTree = "<group>"; };
		EACF074C7CD1A7897E6A0E28 /* TBMBAutoNilDelegateViewDO.m */ = {isa = PBXFileReference; fileEncoding = 4; lastKnownFileType = sourcecode.c.objc; path = TBMBAutoNilDelegateViewDO.m; sourceTree = "<group>"; };
		EACF0755EFB1DAFCA21432B5 /* TBMBDefaultFacade.m */ = {isa = PBXFileReference; fileEncoding = 4; lastKnownFileType = sourcecode.c.objc; path = TBMBDefaultFacade.m; sourceTree = "<group>"; };
		EACF0761A6B58420994E034C /* TBMBSimpleInstanceCommand.m */ = {isa = PBXFileReference; fileEncoding = 4; lastKnownFileType = sourcecode.c.objc; path = TBMBSimpleInstanceCommand.m; sourceTree = "<group>"; };
		EACF076966D60DA2353A80AF /* TBMBGlobalFacade.h */ = {isa = PBXFileReference; fileEncoding = 4; lastKnownFileType = sourcecode.c.h; path = TBMBGlobalFacade.h; sourceTree = "<group>"; };
		EACF077024524A39BAC13237 /* TBMBSingletonCommand.h */ = {isa = PBXFileReference; fileEncoding = 4; lastKnownFileType = sourcecode.c.h; path = TBMBSingletonCommand.h; sourceTree = "<group>"; };
		EACF07902CF4BEF73CAE5E67 /* TBMBMessageReceiver.h */ = {isa = PBXFileReference; fileEncoding = 4; lastKnownFileType = sourcecode.c.h; path = TBMBMessageReceiver.h; sourceTree = "<group>"; };
		EACF079120A748B3FB89A287 /* TBMBDemoStep7ViewModel.m */ = {isa = PBXFileReference; fileEncoding = 4; lastKnownFileType = sourcecode.c.objc; path = TBMBDemoStep7ViewModel.m; sourceTree = "<group>"; };
		EACF07AF72823CD393FE57FF /* TBMBRxErrorUtil.h */ = {isa = PBXFileReference; fileEncoding = 4; lastKnownFileType = sourcecode.c.h; path = TBMBRxErrorUtil.h; sourceTree = "<group>"; };
		EACF07B7B0C0B16B29F24994 /* TBMB_metamacros.h */ = {isa = PBXFileReference; fileEncoding = 4; lastKnownFileType = sourcecode.c.h; path = TBMB_metamacros.h; sourceTree = "<group>"; };
		EACF07BA3E6FAA1B17195F5C /* TBMBDefaultRootViewController+TBMBProxy.h */ = {isa = PBXFileReference; fileEncoding = 4; lastKnownFileType = sourcecode.c.h; path = "TBMBDefaultRootViewController+TBMBProxy.h"; sourceTree = "<group>"; };
		EACF07D0BF6453B518FB20F8 /* TBMBDemoStep3ViewController.m */ = {isa = PBXFileReference; fileEncoding = 4; lastKnownFileType = sourcecode.c.objc; path = TBMBDemoStep3ViewController.m; sourceTree = "<group>"; };
		EACF07FF0B8EEF8654C29914 /* TBMBDefaultFacade.h */ = {isa = PBXFileReference; fileEncoding = 4; lastKnownFileType = sourcecode.c.h; path = TBMBDefaultFacade.h; sourceTree = "<group>"; };
		EACF080F927138E0226D938A /* TBMBBind.m */ = {isa = PBXFileReference; fileEncoding = 4; lastKnownFileType = sourcecode.c.objc; path = TBMBBind.m; sourceTree = "<group>"; };
		EACF085B1A008BE99861209B /* TBMBRxSingletonCommand.m */ = {isa = PBXFileReference; fileEncoding = 4; lastKnownFileType = sourcecode.c.objc; path = TBMBRxSingletonCommand.m; sourceTree = "<group>"; };
		EACF085E254F3EFB3DAE4F38 /* TBMBUtil.h */ = {isa = PBXFileReference; fileEncoding = 4; lastKnownFileType = sourcecode.c.h; path = TBMBUtil.h; sourceTree = "<group>"; };
		EACF0885047F60C5216DCAD1 /* TBMBDefaultMediator+TBMBProxy.h */ = {isa = PBXFileReference; fileEncoding = 4; lastKnownFileType = sourcecode.c.h; path = "TBMBDefaultMediator+TBMBProxy.h"; sourceTree = "<group>"; };
		EACF08E48C32DD0D55DB8912 /* TBMBDefaultCommandInvocation.m */ = {isa = PBXFileReference; fileEncoding = 4; lastKnownFileType = sourcecode.c.objc; path = TBMBDefaultCommandInvocation.m; sourceTree = "<group>"; };
		EACF08ED4C9088C08DD964F0 /* TBMBDemoStep5View.m */ = {isa = PBXFileReference; fileEncoding = 4; lastKnownFileType = sourcecode.c.objc; path = TBMBDemoStep5View.m; sourceTree = "<group>"; };
		EACF08EE34F7AAF19EAE5C89 /* TBMBDemoStep2Command.m */ = {isa = PBXFileReference; fileEncoding = 4; lastKnownFileType = sourcecode.c.objc; path = TBMBDemoStep2Command.m; sourceTree = "<group>"; };
		EACF08FEB1D9028E782E25CD /* TBMBDemoStep5ViewController.h */ = {isa = PBXFileReference; fileEncoding = 4; lastKnownFileType = sourcecode.c.h; path = TBMBDemoStep5ViewController.h; sourceTree = "<group>"; };
		EACF0914EF64588F4C84C160 /* TBMBDemoStep3View.h */ = {isa = PBXFileReference; fileEncoding = 4; lastKnownFileType = sourcecode.c.h; path = TBMBDemoStep3View.h; sourceTree = "<group>"; };
		EACF09526A82116F61F9411F /* TBMBDemoStep6View.m */ = {isa = PBXFileReference; fileEncoding = 4; lastKnownFileType = sourcecode.c.objc; path = TBMBDemoStep6View.m; sourceTree = "<group>"; };
		EACF09683655BB5983B89FED /* TBMBCommandInvocation.h */ = {isa = PBXFileReference; fileEncoding = 4; lastKnownFileType = sourcecode.c.h; path = TBMBCommandInvocation.h; sourceTree = "<group>"; };
		EACF09A9E33658A9CC1BE7ED /* TBMBTestInterceptorView.m */ = {isa = PBXFileReference; fileEncoding = 4; lastKnownFileType = sourcecode.c.objc; path = TBMBTestInterceptorView.m; sourceTree = "<group>"; };
		EACF0A1E20932FB643E99306 /* TBMBDemoStep3Command.m */ = {isa = PBXFileReference; fileEncoding = 4; lastKnownFileType = sourcecode.c.objc; path = TBMBDemoStep3Command.m; sourceTree = "<group>"; };
		EACF0A4C33E9802892902983 /* TBMBDemoStep1ViewController.h */ = {isa = PBXFileReference; fileEncoding = 4; lastKnownFileType = sourcecode.c.h; path = TBMBDemoStep1ViewController.h; sourceTree = "<group>"; };
		EACF0A526395D6A049F09A7A /* TBMBDemoStep6View.h */ = {isa = PBXFileReference; fileEncoding = 4; lastKnownFileType = sourcecode.c.h; path = TBMBDemoStep6View.h; sourceTree = "<group>"; };
		EACF0A8ABDAD7B9398C5EB01 /* Default@2x.png */ = {isa = PBXFileReference; lastKnownFileType = image.png; path = "Default@2x.png"; sourceTree = "<group>"; };
		EACF0A8DD8FAE278A0EF1799 /* TBMBTestRxCommand.m */ = {isa = PBXFileReference; fileEncoding = 4; lastKnownFileType = sourcecode.c.objc; path = TBMBTestRxCommand.m; sourceTree = "<group>"; };
		EACF0AB6EF9F565BBF7D2422 /* TBMBDemoStep4View.h */ = {isa = PBXFileReference; fileEncoding = 4; lastKnownFileType = sourcecode.c.h; path = TBMBDemoStep4View.h; sourceTree = "<group>"; };
		EACF0ABFABB9A07342A46C3A /* TBMBPage.h */ = {isa = PBXFileReference; fileEncoding = 4; lastKnownFileType = sourcecode.c.h; path = TBMBPage.h; sourceTree = "<group>"; };
		EACF0ACF5CA68CA6670EE5AE /* SenTestingKit.framework */ = {isa = PBXFileReference; lastKnownFileType = wrapper.framework; name = SenTestingKit.framework; path = Library/Frameworks/SenTestingKit.framework; sourceTree = DEVELOPER_DIR; };
		EACF0AFF2056AA15F16379C9 /* TBMBRxCommand.h */ = {isa = PBXFileReference; fileEncoding = 4; lastKnownFileType = sourcecode.c.h; path = TBMBRxCommand.h; sourceTree = "<group>"; };
		EACF0B0638BD017E4E305399 /* Default.png */ = {isa = PBXFileReference; lastKnownFileType = image.png; path = Default.png; sourceTree = "<group>"; };
		EACF0B30EA0C86778B6BDB70 /* TBMBSimpleInstanceCommand+TBMBProxy.h */ = {isa = PBXFileReference; fileEncoding = 4; lastKnownFileType = sourcecode.c.h; path = "TBMBSimpleInstanceCommand+TBMBProxy.h"; sourceTree = "<group>"; };
		EACF0B4323AD22B43A4F9103 /* TBMBSimpleStaticCommand+TBMBProxy.m */ = {isa = PBXFileReference; fileEncoding = 4; lastKnownFileType = sourcecode.c.objc; path = "TBMBSimpleStaticCommand+TBMBProxy.m"; sourceTree = "<group>"; };
		EACF0B6F367E5559EF06F871 /* TBMBBind.h */ = {isa = PBXFileReference; fileEncoding = 4; lastKnownFileType = sourcecode.c.h; path = TBMBBind.h; sourceTree = "<group>"; };
		EACF0B8130606128EE159A61 /* TBMBSimpleSingletonCommand.h */ = {isa = PBXFileReference; fileEncoding = 4; lastKnownFileType = sourcecode.c.h; path = TBMBSimpleSingletonCommand.h; sourceTree = "<group>"; };
		EACF0B998BA89B025525F551 /* TBMBDemoStep5ViewDO.m */ = {isa = PBXFileReference; fileEncoding = 4; lastKnownFileType = sourcecode.c.objc; path = TBMBDemoStep5ViewDO.m; sourceTree = "<group>"; };
		EACF0B9AF0CC834D5D9518C3 /* TBMBTestInterceptorViewDO.m */ = {isa = PBXFileReference; fileEncoding = 4; lastKnownFileType = sourcecode.c.objc; path = TBMBTestInterceptorViewDO.m; sourceTree = "<group>"; };
		EACF0BA3CDE4AA708DB6F209 /* TBMBDemoRootViewController.h */ = {isa = PBXFileReference; fileEncoding = 4; lastKnownFileType = sourcecode.c.h; path = TBMBDemoRootViewController.h; sourceTree = "<group>"; };
		EACF0BAED3F024177BA0BB6E /* TBMBDefaultMessageReceiver+TBMBProxy.h */ = {isa = PBXFileReference; fileEncoding = 4; lastKnownFileType = sourcecode.c.h; path = "TBMBDefaultMessageReceiver+TBMBProxy.h"; sourceTree = "<group>"; };
		EACF0BB084076719C2747425 /* TBMBSimpleStaticCommand.m */ = {isa = PBXFileReference; fileEncoding = 4; lastKnownFileType = sourcecode.c.objc; path = TBMBSimpleStaticCommand.m; sourceTree = "<group>"; };
		EACF0BC84CBD4AC83FE324DA /* TBMBNavViewController.h */ = {isa = PBXFileReference; lastKnownFileType = sourcecode.c.h; path = TBMBNavViewController.h; sourceTree = "<group>"; };
		EACF0BF1FD3E079CD512E5CD /* TBMBDemoStep5View.h */ = {isa = PBXFileReference; fileEncoding = 4; lastKnownFileType = sourcecode.c.h; path = TBMBDemoStep5View.h; sourceTree = "<group>"; };
		EACF0C42E018916502131565 /* TBMBInstanceCommand.h */ = {isa = PBXFileReference; fileEncoding = 4; lastKnownFileType = sourcecode.c.h; path = TBMBInstanceCommand.h; sourceTree = "<group>"; };
		EACF0C4B12A519F30F1B166D /* TBMBDemoStep7ViewController.m */ = {isa = PBXFileReference; fileEncoding = 4; lastKnownFileType = sourcecode.c.objc; path = TBMBDemoStep7ViewController.m; sourceTree = "<group>"; };
		EACF0C59AFBE61AE9FEE8BCF /* TBMBNotification.h */ = {isa = PBXFileReference; fileEncoding = 4; lastKnownFileType = sourcecode.c.h; path = TBMBNotification.h; sourceTree = "<group>"; };
		EACF0C76950A5BC2D137A408 /* TBMBDemoStep7View.m */ = {isa = PBXFileReference; fileEncoding = 4; lastKnownFileType = sourcecode.c.objc; path = TBMBDemoStep7View.m; sourceTree = "<group>"; };
		EACF0CA15B798321DFA8DBDD /* TBMBDemoStep4ViewDO.m */ = {isa = PBXFileReference; fileEncoding = 4; lastKnownFileType = sourcecode.c.objc; path = TBMBDemoStep4ViewDO.m; sourceTree = "<group>"; };
		EACF0CB0ADA1C4C12848C7EC /* Foundation.framework */ = {isa = PBXFileReference; lastKnownFileType = wrapper.framework; name = Foundation.framework; path = System/Library/Frameworks/Foundation.framework; sourceTree = SDKROOT; };
		EACF0CCD1BCB717A82281787 /* TBMBNavView.h */ = {isa = PBXFileReference; fileEncoding = 4; lastKnownFileType = sourcecode.c.h; path = TBMBNavView.h; sourceTree = "<group>"; };
		EACF0CE9D33F31FCD13BFA29 /* TBMBDefaultPage.h */ = {isa = PBXFileReference; fileEncoding = 4; lastKnownFileType = sourcecode.c.h; path = TBMBDefaultPage.h; sourceTree = "<group>"; };
		EACF0D0B8BC1B30E17637369 /* TBMBDemoStep3View.m */ = {isa = PBXFileReference; fileEncoding = 4; lastKnownFileType = sourcecode.c.objc; path = TBMBDemoStep3View.m; sourceTree = "<group>"; };
		EACF0D201D5F5413BB0C1AA1 /* TBMBSimpleInstanceCommand.h */ = {isa = PBXFileReference; fileEncoding = 4; lastKnownFileType = sourcecode.c.h; path = TBMBSimpleInstanceCommand.h; sourceTree = "<group>"; };
		EACF0D2E1DD71E9AF0C3F6E5 /* TBMBDefaultPage.m */ = {isa = PBXFileReference; fileEncoding = 4; lastKnownFileType = sourcecode.c.objc; path = TBMBDefaultPage.m; sourceTree = "<group>"; };
		EACF0D38E08E6841AAA9802D /* TBMBOnlyProxy.h */ = {isa = PBXFileReference; fileEncoding = 4; lastKnownFileType = sourcecode.c.h; path = TBMBOnlyProxy.h; sourceTree = "<group>"; };
		EACF0D56FB6AD62FF7BAF587 /* Default-568h@2x.png */ = {isa = PBXFileReference; lastKnownFileType = image.png; path = "Default-568h@2x.png"; sourceTree = "<group>"; };
		EACF0D58D19506E8D4329259 /* TBMBAutoNilDelegateView.m */ = {isa = PBXFileReference; fileEncoding = 4; lastKnownFileType = sourcecode.c.objc; path = TBMBAutoNilDelegateView.m; sourceTree = "<group>"; };
		EACF0D700304372F65A3F247 /* TBMBDemoStep4ViewDO.h */ = {isa = PBXFileReference; fileEncoding = 4; lastKnownFileType = sourcecode.c.h; path = TBMBDemoStep4ViewDO.h; sourceTree = "<group>"; };
		EACF0D7B7E9C225ABE064E43 /* TBMBDemoStep4ViewController.h */ = {isa = PBXFileReference; fileEncoding = 4; lastKnownFileType = sourcecode.c.h; path = TBMBDemoStep4ViewController.h; sourceTree = "<group>"; };
		EACF0D8B1A9F6B8812E51E8D /* TBMBDemoStep3ViewController.h */ = {isa = PBXFileReference; fileEncoding = 4; lastKnownFileType = sourcecode.c.h; path = TBMBDemoStep3ViewController.h; sourceTree = "<group>"; };
		EACF0D9041C3E2B14E58C15C /* TBMBStaticCommand.h */ = {isa = PBXFileReference; fileEncoding = 4; lastKnownFileType = sourcecode.c.h; path = TBMBStaticCommand.h; sourceTree = "<group>"; };
		EACF0DAAB26269FFE69BEE05 /* TBMBGlobalFacade.m */ = {isa = PBXFileReference; fileEncoding = 4; lastKnownFileType = sourcecode.c.objc; path = TBMBGlobalFacade.m; sourceTree = "<group>"; };
		EACF0DAF689CD12D4D41C10F /* TBMBAutoNilDelegateView.h */ = {isa = PBXFileReference; fileEncoding = 4; lastKnownFileType = sourcecode.c.h; path = TBMBAutoNilDelegateView.h; sourceTree = "<group>"; };
		EACF0DC4DC49733F861F0F6D /* TBMBDefaultRootViewController.m */ = {isa = PBXFileReference; fileEncoding = 4; lastKnownFileType = sourcecode.c.objc; path = TBMBDefaultRootViewController.m; sourceTree = "<group>"; };
		EACF0DFCD86336834D4BDA20 /* TBMBDefaultCommandInvocation.h */ = {isa = PBXFileReference; fileEncoding = 4; lastKnownFileType = sourcecode.c.h; path = TBMBDefaultCommandInvocation.h; sourceTree = "<group>"; };
		EACF0E57111DA06BDC157FB2 /* TBMBMessageProxy.m */ = {isa = PBXFileReference; fileEncoding = 4; lastKnownFileType = sourcecode.c.objc; path = TBMBMessageProxy.m; sourceTree = "<group>"; };
		EACF0E61E844130094956ECE /* TBMBNavView.m */ = {isa = PBXFileReference; fileEncoding = 4; lastKnownFileType = sourcecode.c.objc; path = TBMBNavView.m; sourceTree = "<group>"; };
		EACF0E68DB8EC06CC6585DB6 /* TBMBTestMemoryView.h */ = {isa = PBXFileReference; fileEncoding = 4; lastKnownFileType = sourcecode.c.h; path = TBMBTestMemoryView.h; sourceTree = "<group>"; };
		EACF0E8B8CA45BDE0F67A551 /* TBMBTestInterceptorViewController.h */ = {isa = PBXFileReference; fileEncoding = 4; lastKnownFileType = sourcecode.c.h; path = TBMBTestInterceptorViewController.h; sourceTree = "<group>"; };
		EACF0E99EBDA61DFC1264086 /* TBMBLogInterceptor.m */ = {isa = PBXFileReference; fileEncoding = 4; lastKnownFileType = sourcecode.c.objc; path = TBMBLogInterceptor.m; sourceTree = "<group>"; };
		EACF0EB4A17E10C510F69A16 /* TBMBDemoStep2ViewController.m */ = {isa = PBXFileReference; fileEncoding = 4; lastKnownFileType = sourcecode.c.objc; path = TBMBDemoStep2ViewController.m; sourceTree = "<group>"; };
		EACF0EBB9C1E23A5BEE3A60C /* TBMBRxCommand.m */ = {isa = PBXFileReference; fileEncoding = 4; lastKnownFileType = sourcecode.c.objc; path = TBMBRxCommand.m; sourceTree = "<group>"; };
		EACF0EBFA73D2A12C5C8CF11 /* TBMBDemoStep7View.h */ = {isa = PBXFileReference; fileEncoding = 4; lastKnownFileType = sourcecode.c.h; path = TBMBDemoStep7View.h; sourceTree = "<group>"; };
		EACF0ED68ED61C37022FE8DC /* TBMBDemoStep2Command.h */ = {isa = PBXFileReference; fileEncoding = 4; lastKnownFileType = sourcecode.c.h; path = TBMBDemoStep2Command.h; sourceTree = "<group>"; };
		EACF0EEA2FC96B509AFA3CB6 /* TBMBSimpleStaticCommand+TBMBProxy.h */ = {isa = PBXFileReference; fileEncoding = 4; lastKnownFileType = sourcecode.c.h; path = "TBMBSimpleStaticCommand+TBMBProxy.h"; sourceTree = "<group>"; };
		EACF0EF9C7417B4711F33752 /* TBMBDefaultMediator.m */ = {isa = PBXFileReference; fileEncoding = 4; lastKnownFileType = sourcecode.c.objc; path = TBMBDefaultMediator.m; sourceTree = "<group>"; };
		EACF0F0953F514D7A9BB9588 /* TBMBDefaultNotification.h */ = {isa = PBXFileReference; fileEncoding = 4; lastKnownFileType = sourcecode.c.h; path = TBMBDefaultNotification.h; sourceTree = "<group>"; };
		EACF0F132A6B2D515656B148 /* TBMBDemoStep4View.m */ = {isa = PBXFileReference; fileEncoding = 4; lastKnownFileType = sourcecode.c.objc; path = TBMBDemoStep4View.m; sourceTree = "<group>"; };
		EACF0F1B7673E1FDC578427E /* TBMBAutoNilDelegateViewDO.h */ = {isa = PBXFileReference; fileEncoding = 4; lastKnownFileType = sourcecode.c.h; path = TBMBAutoNilDelegateViewDO.h; sourceTree = "<group>"; };
		EACF0F31977927A206266240 /* MBMvcDemo.app */ = {isa = PBXFileReference; explicitFileType = wrapper.application; includeInIndex = 0; path = MBMvcDemo.app; sourceTree = BUILT_PRODUCTS_DIR; };
		EACF0F879DA2D2391DAA1FAD /* TBMBDemoStep6ViewController.m */ = {isa = PBXFileReference; fileEncoding = 4; lastKnownFileType = sourcecode.c.objc; path = TBMBDemoStep6ViewController.m; sourceTree = "<group>"; };
		EACF0F9491E2CA3775DA8EF4 /* TBMBAutoNilDelegateViewController.m */ = {isa = PBXFileReference; fileEncoding = 4; lastKnownFileType = sourcecode.c.objc; path = TBMBAutoNilDelegateViewController.m; sourceTree = "<group>"; };
		EACF0FBD39DDF8B77EF64440 /* TBMBDemoStep2View.h */ = {isa = PBXFileReference; fileEncoding = 4; lastKnownFileType = sourcecode.c.h; path = TBMBDemoStep2View.h; sourceTree = "<group>"; };
		EACF0FD8B26141AD67ABAFAE /* TBMBAppDelegate.h */ = {isa = PBXFileReference; lastKnownFileType = sourcecode.c.h; path = TBMBAppDelegate.h; sourceTree = "<group>"; };
		EACF0FE74DCE1D82713CA357 /* TBMBDemoStep1ViewController.m */ = {isa = PBXFileReference; fileEncoding = 4; lastKnownFileType = sourcecode.c.objc; path = TBMBDemoStep1ViewController.m; sourceTree = "<group>"; };
		EE55D4C8C60961EB869E3E6C /* libPods-MBMvcDemo.a */ = {isa = PBXFileReference; explicitFileType = archive.ar; includeInIndex = 0; path = "libPods-MBMvcDemo.a"; sourceTree = BUILT_PRODUCTS_DIR; };
/* End PBXFileReference section */

/* Begin PBXFrameworksBuildPhase section */
		DC5946121A810DAE00013118 /* Frameworks */ = {
			isa = PBXFrameworksBuildPhase;
			buildActionMask = 2147483647;
			files = (
				DC59461B1A810DAE00013118 /* libLibMBMVC.a in Frameworks */,
			);
			runOnlyForDeploymentPostprocessing = 0;
		};
		DC96C3BA174DEE9000DB1628 /* Frameworks */ = {
			isa = PBXFrameworksBuildPhase;
			buildActionMask = 2147483647;
			files = (
				DC96C421174DEFE400DB1628 /* UIKit.framework in Frameworks */,
				DC96C3BE174DEE9000DB1628 /* Foundation.framework in Frameworks */,
				D82E792F201D4E8DBEFD41C8 /* libPods.a in Frameworks */,
			);
			runOnlyForDeploymentPostprocessing = 0;
		};
		EACF0724EF7ED480164FFC65 /* Frameworks */ = {
			isa = PBXFrameworksBuildPhase;
			buildActionMask = 2147483647;
			files = (
				DC96C420174DEF8600DB1628 /* libLibMBMVC.a in Frameworks */,
				EACF01C29701FDA299DFE9BC /* UIKit.framework in Frameworks */,
				EACF0A0236F08407B5100D0E /* Foundation.framework in Frameworks */,
				EACF03F2581BACB54DF53900 /* CoreGraphics.framework in Frameworks */,
			);
			runOnlyForDeploymentPostprocessing = 0;
		};
/* End PBXFrameworksBuildPhase section */

/* Begin PBXGroup section */
		133444CCFE1FF09F7D23F8A2 /* Pods */ = {
			isa = PBXGroup;
			children = (
				1CF778F6DC19D2401CC0CE41 /* Pods.release.xcconfig */,
				63457FF1F2CF8987F05B28EC /* Pods.debug.xcconfig */,
			);
			name = Pods;
			sourceTree = "<group>";
		};
		DC5946161A810DAE00013118 /* MBMvcTests */ = {
			isa = PBXGroup;
			children = (
				DC5946191A810DAE00013118 /* MBMvcTests.m */,
				DC5946171A810DAE00013118 /* Supporting Files */,
				EACF0A8DD8FAE278A0EF1799 /* TBMBTestRxCommand.m */,
				EACF0474F96734A61AC5BE74 /* TBMBTestRxCommand.h */,
			);
			path = MBMvcTests;
			sourceTree = "<group>";
		};
		DC5946171A810DAE00013118 /* Supporting Files */ = {
			isa = PBXGroup;
			children = (
				DC5946181A810DAE00013118 /* Info.plist */,
			);
			name = "Supporting Files";
			sourceTree = "<group>";
		};
		EACF00902D0343B615C9ADCD /* Step06_Mediator */ = {
			isa = PBXGroup;
			children = (
				EACF03E9DC10A6788149B625 /* TBMBDemoStep6ViewController.h */,
				EACF0F879DA2D2391DAA1FAD /* TBMBDemoStep6ViewController.m */,
				EACF09526A82116F61F9411F /* TBMBDemoStep6View.m */,
				EACF0A526395D6A049F09A7A /* TBMBDemoStep6View.h */,
			);
			path = Step06_Mediator;
			sourceTree = "<group>";
		};
		EACF012FB722A45754E62214 /* Step01_SimpleUse */ = {
			isa = PBXGroup;
			children = (
				EACF0FE74DCE1D82713CA357 /* TBMBDemoStep1ViewController.m */,
				EACF0A4C33E9802892902983 /* TBMBDemoStep1ViewController.h */,
				EACF04A6BE09CB8557A8DACE /* TBMBDemoStep1View.m */,
				EACF06F84E9A49AB996B6506 /* TBMBDemoStep1View.h */,
			);
			path = Step01_SimpleUse;
			sourceTree = "<group>";
		};
		EACF01C53FF8E3ECFBC10803 = {
			isa = PBXGroup;
			children = (
				DC5946161A810DAE00013118 /* MBMvcTests */,
				EACF0A957A25CD1B1A993DE3 /* Products */,
				EACF049725A7D24BDC4E177E /* Frameworks */,
				EACF0C664EC41437B934C314 /* MBMvc */,
				EACF0749C727E5E25BEC60DB /* Demo */,
				133444CCFE1FF09F7D23F8A2 /* Pods */,
			);
			sourceTree = "<group>";
		};
		EACF022DE80075F1CFA492AB /* Util */ = {
			isa = PBXGroup;
			children = (
				EACF01467974E8656490884A /* TBMBUtil.m */,
				EACF085E254F3EFB3DAE4F38 /* TBMBUtil.h */,
			);
			path = Util;
			sourceTree = "<group>";
		};
		EACF028109BF1DB2F0DE6023 /* Interceptor */ = {
			isa = PBXGroup;
			children = (
				EACF0E99EBDA61DFC1264086 /* TBMBLogInterceptor.m */,
				EACF0603DF1D1C1B609B555D /* TBMBLogInterceptor.h */,
			);
			path = Interceptor;
			sourceTree = "<group>";
		};
		EACF0405BB9EA288BF4FA8EC /* TestInterceptor */ = {
			isa = PBXGroup;
			children = (
				EACF09A9E33658A9CC1BE7ED /* TBMBTestInterceptorView.m */,
				EACF0229962BC22B4D4F5A69 /* TBMBTestInterceptorView.h */,
				EACF0B9AF0CC834D5D9518C3 /* TBMBTestInterceptorViewDO.m */,
				EACF009774316C26B5B64941 /* TBMBTestInterceptorViewDO.h */,
				EACF06D5D6B64FB855661CB3 /* TBMBTestInterceptorViewController.m */,
				EACF0E8B8CA45BDE0F67A551 /* TBMBTestInterceptorViewController.h */,
				EACF028109BF1DB2F0DE6023 /* Interceptor */,
			);
			path = TestInterceptor;
			sourceTree = "<group>";
		};
		EACF041A4340A94EE50DD832 /* Protocol */ = {
			isa = PBXGroup;
			children = (
				EACF07902CF4BEF73CAE5E67 /* TBMBMessageReceiver.h */,
				EACF0C59AFBE61AE9FEE8BCF /* TBMBNotification.h */,
				EACF035FAB2F66CED9E8174E /* TBMBMessageSender.h */,
				EACF016B1356C362661AFFEF /* TBMBFacade.h */,
				EACF0D9041C3E2B14E58C15C /* TBMBStaticCommand.h */,
				EACF0C42E018916502131565 /* TBMBInstanceCommand.h */,
				EACF00B4DE855DEECCC0B05A /* TBMBCommand.h */,
				EACF077024524A39BAC13237 /* TBMBSingletonCommand.h */,
				EACF0D38E08E6841AAA9802D /* TBMBOnlyProxy.h */,
				EACF0ABFABB9A07342A46C3A /* TBMBPage.h */,
				EACF09683655BB5983B89FED /* TBMBCommandInvocation.h */,
				EACF00143526FE645AAF3FAF /* TBMBCommandInterceptor.h */,
			);
			path = Protocol;
			sourceTree = "<group>";
		};
		EACF049725A7D24BDC4E177E /* Frameworks */ = {
			isa = PBXGroup;
			children = (
				DCE3748E1A81B5F000842CCA /* libPods-ReactiveCocoa.a */,
				EACF00C43235422C43B05660 /* UIKit.framework */,
				EACF0CB0ADA1C4C12848C7EC /* Foundation.framework */,
				EACF0382094DB4A2826ACA01 /* CoreGraphics.framework */,
				EACF0ACF5CA68CA6670EE5AE /* SenTestingKit.framework */,
				0F574D2AC48E4E92BEE2A936 /* libPods.a */,
				8C2C173C5FB84509813A97F7 /* libPods-LibMBMVC.a */,
				EE55D4C8C60961EB869E3E6C /* libPods-MBMvcDemo.a */,
				BC9CE49A77104CD4634DACB9 /* libPods-MBMvcTests.a */,
			);
			name = Frameworks;
			sourceTree = "<group>";
		};
		EACF0498C833F71FD6288893 /* Facade */ = {
			isa = PBXGroup;
			children = (
				EACF0DAAB26269FFE69BEE05 /* TBMBGlobalFacade.m */,
				EACF076966D60DA2353A80AF /* TBMBGlobalFacade.h */,
			);
			path = Facade;
			sourceTree = "<group>";
		};
		EACF054C94B49BBCCBD24A36 /* TestMemoryWarning */ = {
			isa = PBXGroup;
			children = (
				EACF0191621E37EF0B9F4189 /* TBMBTestMemoryView.m */,
				EACF0E68DB8EC06CC6585DB6 /* TBMBTestMemoryView.h */,
				EACF0251417711D5E602F1DF /* TBMBTestMemoryViewController.m */,
				EACF051D954EF450AC2DB676 /* TBMBTestMemoryViewController.h */,
			);
			path = TestMemoryWarning;
			sourceTree = "<group>";
		};
		EACF056CB605573E83ADA0F4 /* Step03_ProxyObject */ = {
			isa = PBXGroup;
			children = (
				EACF0D0B8BC1B30E17637369 /* TBMBDemoStep3View.m */,
				EACF0914EF64588F4C84C160 /* TBMBDemoStep3View.h */,
				EACF07D0BF6453B518FB20F8 /* TBMBDemoStep3ViewController.m */,
				EACF0D8B1A9F6B8812E51E8D /* TBMBDemoStep3ViewController.h */,
				EACF0A1E20932FB643E99306 /* TBMBDemoStep3Command.m */,
				EACF0253EBED3ABB635EE061 /* TBMBDemoStep3Command.h */,
			);
			path = Step03_ProxyObject;
			sourceTree = "<group>";
		};
		EACF05982150950672CCD2EF /* Step04_Bind */ = {
			isa = PBXGroup;
			children = (
				EACF0F132A6B2D515656B148 /* TBMBDemoStep4View.m */,
				EACF0AB6EF9F565BBF7D2422 /* TBMBDemoStep4View.h */,
				EACF0CA15B798321DFA8DBDD /* TBMBDemoStep4ViewDO.m */,
				EACF0D700304372F65A3F247 /* TBMBDemoStep4ViewDO.h */,
				EACF00C7FA9ECDD26970485C /* TBMBDemoStep4ViewController.m */,
				EACF0D7B7E9C225ABE064E43 /* TBMBDemoStep4ViewController.h */,
			);
			path = Step04_Bind;
			sourceTree = "<group>";
		};
		EACF05AF33DA91D9871F126B /* Default */ = {
			isa = PBXGroup;
			children = (
				EACF07FF0B8EEF8654C29914 /* TBMBDefaultFacade.h */,
				EACF0755EFB1DAFCA21432B5 /* TBMBDefaultFacade.m */,
				EACF05161E0D2CE4D3883182 /* TBMBDefaultNotification.m */,
				EACF0F0953F514D7A9BB9588 /* TBMBDefaultNotification.h */,
				EACF0BB084076719C2747425 /* TBMBSimpleStaticCommand.m */,
				EACF02907226E3934313D629 /* TBMBSimpleStaticCommand.h */,
				EACF0761A6B58420994E034C /* TBMBSimpleInstanceCommand.m */,
				EACF0D201D5F5413BB0C1AA1 /* TBMBSimpleInstanceCommand.h */,
				EACF04A49197313295C9DAB1 /* TBMBDefaultRootViewController.h */,
				EACF0DC4DC49733F861F0F6D /* TBMBDefaultRootViewController.m */,
				EACF02E376C813FD4025B4F9 /* TBMBSimpleSingletonCommand.m */,
				EACF0B8130606128EE159A61 /* TBMBSimpleSingletonCommand.h */,
				EACF05AB7BB806AB6A1B1DB5 /* TBMBDefaultMessageReceiver.m */,
				EACF04C87CC6AD5D3E221B2C /* TBMBDefaultMessageReceiver.h */,
				EACF0D2E1DD71E9AF0C3F6E5 /* TBMBDefaultPage.m */,
				EACF0CE9D33F31FCD13BFA29 /* TBMBDefaultPage.h */,
				EACF08E48C32DD0D55DB8912 /* TBMBDefaultCommandInvocation.m */,
				EACF0DFCD86336834D4BDA20 /* TBMBDefaultCommandInvocation.h */,
				EACF0EF9C7417B4711F33752 /* TBMBDefaultMediator.m */,
				EACF04BB086759E0885A6C1C /* TBMBDefaultMediator.h */,
			);
			path = Default;
			sourceTree = "<group>";
		};
		EACF07223DC174E61B956773 /* AutoNilDelegate */ = {
			isa = PBXGroup;
			children = (
				EACF0D58D19506E8D4329259 /* TBMBAutoNilDelegateView.m */,
				EACF0DAF689CD12D4D41C10F /* TBMBAutoNilDelegateView.h */,
				EACF074C7CD1A7897E6A0E28 /* TBMBAutoNilDelegateViewDO.m */,
				EACF0F1B7673E1FDC578427E /* TBMBAutoNilDelegateViewDO.h */,
				EACF0F9491E2CA3775DA8EF4 /* TBMBAutoNilDelegateViewController.m */,
				EACF073CBC48B7848B5B14AE /* TBMBAutoNilDelegateViewController.h */,
			);
			path = AutoNilDelegate;
			sourceTree = "<group>";
		};
		EACF0749C727E5E25BEC60DB /* Demo */ = {
			isa = PBXGroup;
			children = (
				EACF0FD8B26141AD67ABAFAE /* TBMBAppDelegate.h */,
				EACF0114696E5921FD1438BC /* TBMBAppDelegate.m */,
				EACF0BC84CBD4AC83FE324DA /* TBMBNavViewController.h */,
				EACF01DAA530DD7BDABD9AC9 /* TBMBNavViewController.m */,
				EACF0D71EC854C0EBDDEDA90 /* Supporting Files */,
				EACF0D52192F1E5B3BF40004 /* en.lproj */,
				EACF0D56FB6AD62FF7BAF587 /* Default-568h@2x.png */,
				EACF0B0638BD017E4E305399 /* Default.png */,
				EACF0A8ABDAD7B9398C5EB01 /* Default@2x.png */,
				EACF003361E0B86F01564B8D /* main.m */,
				EACF0076A143CB39C2F37F3D /* MBMvc-Info.plist */,
				EACF06356D98E1902E0189CE /* MBMvc-Prefix.pch */,
				EACF012FB722A45754E62214 /* Step01_SimpleUse */,
				EACF0E61E844130094956ECE /* TBMBNavView.m */,
				EACF0CCD1BCB717A82281787 /* TBMBNavView.h */,
				EACF064D01635968D981700C /* TBMBNavViewDO.m */,
				EACF068AAF34A5E3310C4A83 /* TBMBNavViewDO.h */,
				EACF0602BE6A5302B28522A6 /* TBMBDemoRootViewController.m */,
				EACF0BA3CDE4AA708DB6F209 /* TBMBDemoRootViewController.h */,
				EACF0BEC5210E2AE9FE4D01D /* Step02_Notification */,
				EACF056CB605573E83ADA0F4 /* Step03_ProxyObject */,
				EACF05982150950672CCD2EF /* Step04_Bind */,
				EACF083C04E621B52602EFB9 /* Step05_OverDesign */,
				EACF054C94B49BBCCBD24A36 /* TestMemoryWarning */,
				EACF0405BB9EA288BF4FA8EC /* TestInterceptor */,
				EACF07223DC174E61B956773 /* AutoNilDelegate */,
				EACF00902D0343B615C9ADCD /* Step06_Mediator */,
				EACF0ED3E1AC4E42AF985F9A /* Step07_Rx */,
			);
			path = Demo;
			sourceTree = "<group>";
		};
		EACF083C04E621B52602EFB9 /* Step05_OverDesign */ = {
			isa = PBXGroup;
			children = (
				EACF08ED4C9088C08DD964F0 /* TBMBDemoStep5View.m */,
				EACF0BF1FD3E079CD512E5CD /* TBMBDemoStep5View.h */,
				EACF0B998BA89B025525F551 /* TBMBDemoStep5ViewDO.m */,
				EACF01650425CA8AD11B2377 /* TBMBDemoStep5ViewDO.h */,
				EACF00C7C99DC5A9FB69E1B5 /* TBMBDemoStep5ViewController.m */,
				EACF08FEB1D9028E782E25CD /* TBMBDemoStep5ViewController.h */,
				EACF03DB799C3219F4821E75 /* TBMBDemoStep5Command.m */,
				EACF02B4F4BE10716FFF1B8F /* TBMBDemoStep5Command.h */,
			);
			path = Step05_OverDesign;
			sourceTree = "<group>";
		};
		EACF09D72F02DBB2E9EA04A0 /* Rx */ = {
			isa = PBXGroup;
			children = (
				EACF0AFF2056AA15F16379C9 /* TBMBRxCommand.h */,
				EACF0EBB9C1E23A5BEE3A60C /* TBMBRxCommand.m */,
				EACF0326BB7CB38906F21868 /* TBMBRxErrorUtil.m */,
				EACF07AF72823CD393FE57FF /* TBMBRxErrorUtil.h */,
				EACF085B1A008BE99861209B /* TBMBRxSingletonCommand.m */,
				EACF0523EDB71E06DDED5C9E /* TBMBRxSingletonCommand.h */,
			);
			path = Rx;
			sourceTree = "<group>";
		};
		EACF0A957A25CD1B1A993DE3 /* Products */ = {
			isa = PBXGroup;
			children = (
				EACF0F31977927A206266240 /* MBMvcDemo.app */,
				DC96C3BD174DEE9000DB1628 /* libLibMBMVC.a */,
				DC5946151A810DAE00013118 /* MBMvcTests.xctest */,
			);
			name = Products;
			sourceTree = "<group>";
		};
		EACF0BEC5210E2AE9FE4D01D /* Step02_Notification */ = {
			isa = PBXGroup;
			children = (
				EACF00F13C9A39C77EE42DB2 /* TBMBDemoStep2View.m */,
				EACF0FBD39DDF8B77EF64440 /* TBMBDemoStep2View.h */,
				EACF0EB4A17E10C510F69A16 /* TBMBDemoStep2ViewController.m */,
				EACF016E750FAA69EF51384A /* TBMBDemoStep2ViewController.h */,
				EACF08EE34F7AAF19EAE5C89 /* TBMBDemoStep2Command.m */,
				EACF0ED68ED61C37022FE8DC /* TBMBDemoStep2Command.h */,
			);
			path = Step02_Notification;
			sourceTree = "<group>";
		};
		EACF0C631863968DD2C47B4C /* Proxy */ = {
			isa = PBXGroup;
			children = (
				EACF0E57111DA06BDC157FB2 /* TBMBMessageProxy.m */,
				EACF040FA11E7C5BCC313B8B /* TBMBMessageProxy.h */,
				EACF070B0E72AAA5763096CC /* TBMBDefaultRootViewController+TBMBProxy.m */,
				EACF07BA3E6FAA1B17195F5C /* TBMBDefaultRootViewController+TBMBProxy.h */,
				EACF0B4323AD22B43A4F9103 /* TBMBSimpleStaticCommand+TBMBProxy.m */,
				EACF0EEA2FC96B509AFA3CB6 /* TBMBSimpleStaticCommand+TBMBProxy.h */,
				EACF018D7DA1AB2BB9A1D78D /* TBMBSimpleInstanceCommand+TBMBProxy.m */,
				EACF0B30EA0C86778B6BDB70 /* TBMBSimpleInstanceCommand+TBMBProxy.h */,
				EACF014F14419FFBDE5C4E0A /* TBMBDefaultMessageReceiver+TBMBProxy.m */,
				EACF0BAED3F024177BA0BB6E /* TBMBDefaultMessageReceiver+TBMBProxy.h */,
				EACF03EB542BDEA366269D41 /* TBMBDefaultMediator+TBMBProxy.m */,
				EACF0885047F60C5216DCAD1 /* TBMBDefaultMediator+TBMBProxy.h */,
			);
			path = Proxy;
			sourceTree = "<group>";
		};
		EACF0C664EC41437B934C314 /* MBMvc */ = {
			isa = PBXGroup;
			children = (
				EACF05AF33DA91D9871F126B /* Default */,
				EACF0498C833F71FD6288893 /* Facade */,
				EACF041A4340A94EE50DD832 /* Protocol */,
				EACF022DE80075F1CFA492AB /* Util */,
				EACF0DA4F7B8E5270B09C54D /* Bindable */,
				EACF0C631863968DD2C47B4C /* Proxy */,
				EACF09D72F02DBB2E9EA04A0 /* Rx */,
			);
			path = MBMvc;
			sourceTree = "<group>";
		};
		EACF0D52192F1E5B3BF40004 /* en.lproj */ = {
			isa = PBXGroup;
			children = (
			);
			name = en.lproj;
			sourceTree = "<group>";
		};
		EACF0D71EC854C0EBDDEDA90 /* Supporting Files */ = {
			isa = PBXGroup;
			children = (
			);
			name = "Supporting Files";
			sourceTree = "<group>";
		};
		EACF0DA4F7B8E5270B09C54D /* Bindable */ = {
			isa = PBXGroup;
			children = (
				EACF080F927138E0226D938A /* TBMBBind.m */,
				EACF0B6F367E5559EF06F871 /* TBMBBind.h */,
				EACF07B7B0C0B16B29F24994 /* TBMB_metamacros.h */,
			);
			path = Bindable;
			sourceTree = "<group>";
		};
		EACF0ED3E1AC4E42AF985F9A /* Step07_Rx */ = {
			isa = PBXGroup;
			children = (
				EACF0C4B12A519F30F1B166D /* TBMBDemoStep7ViewController.m */,
				EACF01E0B0F5768933453EBA /* TBMBDemoStep7ViewController.h */,
				EACF0C76950A5BC2D137A408 /* TBMBDemoStep7View.m */,
				EACF0EBFA73D2A12C5C8CF11 /* TBMBDemoStep7View.h */,
				EACF079120A748B3FB89A287 /* TBMBDemoStep7ViewModel.m */,
				EACF0379AFD83C61A5929C65 /* TBMBDemoStep7ViewModel.h */,
			);
			path = Step07_Rx;
			sourceTree = "<group>";
		};
/* End PBXGroup section */

/* Begin PBXHeadersBuildPhase section */
		DC96C3DC174DEF4000DB1628 /* Headers */ = {
			isa = PBXHeadersBuildPhase;
			buildActionMask = 2147483647;
			files = (
				DC96C3DD174DEF5700DB1628 /* TBMBDefaultFacade.h in Headers */,
				DC96C3DE174DEF5700DB1628 /* TBMBDefaultNotification.h in Headers */,
				DC96C3DF174DEF5700DB1628 /* TBMBSimpleStaticCommand.h in Headers */,
				DC96C3E0174DEF5700DB1628 /* TBMBSimpleInstanceCommand.h in Headers */,
				DC96C3E1174DEF5700DB1628 /* TBMBDefaultRootViewController.h in Headers */,
				DC96C3E2174DEF5700DB1628 /* TBMBSimpleSingletonCommand.h in Headers */,
				DC96C3E3174DEF5700DB1628 /* TBMBDefaultMessageReceiver.h in Headers */,
				DC96C3E4174DEF5700DB1628 /* TBMBDefaultPage.h in Headers */,
				DC96C3E5174DEF5700DB1628 /* TBMBDefaultCommandInvocation.h in Headers */,
				DC96C3E7174DEF5700DB1628 /* TBMBDefaultMediator.h in Headers */,
				DC96C3E8174DEF5700DB1628 /* TBMBGlobalFacade.h in Headers */,
				DC96C3E9174DEF5700DB1628 /* TBMBMessageReceiver.h in Headers */,
				DC96C3EA174DEF5700DB1628 /* TBMBNotification.h in Headers */,
				DC96C3EB174DEF5700DB1628 /* TBMBMessageSender.h in Headers */,
				DC96C3EC174DEF5700DB1628 /* TBMBFacade.h in Headers */,
				DC96C3ED174DEF5700DB1628 /* TBMBStaticCommand.h in Headers */,
				DC96C3EE174DEF5700DB1628 /* TBMBInstanceCommand.h in Headers */,
				DC96C3EF174DEF5700DB1628 /* TBMBCommand.h in Headers */,
				DC96C3F0174DEF5700DB1628 /* TBMBSingletonCommand.h in Headers */,
				DC96C3F1174DEF5700DB1628 /* TBMBOnlyProxy.h in Headers */,
				DC96C3F2174DEF5700DB1628 /* TBMBPage.h in Headers */,
				DC96C3F3174DEF5700DB1628 /* TBMBCommandInvocation.h in Headers */,
				DC96C3F4174DEF5700DB1628 /* TBMBCommandInterceptor.h in Headers */,
				DC96C3F5174DEF5700DB1628 /* TBMBUtil.h in Headers */,
				DC96C3F6174DEF5700DB1628 /* TBMBBind.h in Headers */,
				DC96C3F7174DEF5700DB1628 /* TBMB_metamacros.h in Headers */,
				DC96C3F8174DEF5700DB1628 /* TBMBMessageProxy.h in Headers */,
				DC96C3F9174DEF5700DB1628 /* TBMBDefaultRootViewController+TBMBProxy.h in Headers */,
				DC96C3FA174DEF5700DB1628 /* TBMBSimpleStaticCommand+TBMBProxy.h in Headers */,
				DC96C3FB174DEF5700DB1628 /* TBMBSimpleInstanceCommand+TBMBProxy.h in Headers */,
				DC96C3FC174DEF5700DB1628 /* TBMBDefaultMessageReceiver+TBMBProxy.h in Headers */,
				DC96C3FD174DEF5700DB1628 /* TBMBDefaultMediator+TBMBProxy.h in Headers */,
				EACF0771DE5E9BF8C8E5A453 /* TBMBRxCommand.h in Headers */,
				EACF07750D08B5D9ADFAFE58 /* TBMBRxErrorUtil.h in Headers */,
				EACF098D8F6F40A4D6671354 /* TBMBRxSingletonCommand.h in Headers */,
			);
			runOnlyForDeploymentPostprocessing = 0;
		};
/* End PBXHeadersBuildPhase section */

/* Begin PBXNativeTarget section */
		DC5946141A810DAE00013118 /* MBMvcTests */ = {
			isa = PBXNativeTarget;
			buildConfigurationList = DC59461E1A810DAE00013118 /* Build configuration list for PBXNativeTarget "MBMvcTests" */;
			buildPhases = (
				DC5946111A810DAE00013118 /* Sources */,
				DC5946121A810DAE00013118 /* Frameworks */,
				DC5946131A810DAE00013118 /* Resources */,
			);
			buildRules = (
			);
			dependencies = (
				DC59461D1A810DAE00013118 /* PBXTargetDependency */,
			);
			name = MBMvcTests;
			productName = MBMvcTests;
			productReference = DC5946151A810DAE00013118 /* MBMvcTests.xctest */;
			productType = "com.apple.product-type.bundle.unit-test";
		};
		DC96C3BC174DEE9000DB1628 /* LibMBMVC */ = {
			isa = PBXNativeTarget;
			buildConfigurationList = DC96C3C6174DEE9000DB1628 /* Build configuration list for PBXNativeTarget "LibMBMVC" */;
			buildPhases = (
				4E05F8061C314DB4980E0044 /* Check Pods Manifest.lock */,
				DC96C3B9174DEE9000DB1628 /* Sources */,
				DC96C3BA174DEE9000DB1628 /* Frameworks */,
				DC96C3DC174DEF4000DB1628 /* Headers */,
				180AFCF9120F4A8E9471BD37 /* Copy Pods Resources */,
			);
			buildRules = (
			);
			dependencies = (
			);
			name = LibMBMVC;
			productName = LibMBMVC;
			productReference = DC96C3BD174DEE9000DB1628 /* libLibMBMVC.a */;
			productType = "com.apple.product-type.library.static";
		};
		EACF06DF8F41B3468476ED2C /* MBMvcDemo */ = {
			isa = PBXNativeTarget;
			buildConfigurationList = EACF0F9A6CF11B71A8FFBEBF /* Build configuration list for PBXNativeTarget "MBMvcDemo" */;
			buildPhases = (
				EACF0116ED57431F76F22C7F /* Sources */,
				EACF0724EF7ED480164FFC65 /* Frameworks */,
				EACF031C12B9A8C991291EC2 /* Resources */,
			);
			buildRules = (
			);
			dependencies = (
				DC96C41F174DEF8100DB1628 /* PBXTargetDependency */,
			);
			name = MBMvcDemo;
			productName = MBMvc;
			productReference = EACF0F31977927A206266240 /* MBMvcDemo.app */;
			productType = "com.apple.product-type.application";
		};
/* End PBXNativeTarget section */

/* Begin PBXProject section */
		EACF0E4522CC4FD51B67D723 /* Project object */ = {
			isa = PBXProject;
			attributes = {
				TargetAttributes = {
					DC5946141A810DAE00013118 = {
						CreatedOnToolsVersion = 6.1.1;
					};
				};
			};
			buildConfigurationList = EACF0C4F49E5BBA22DC6BB9A /* Build configuration list for PBXProject "MBMvc" */;
			compatibilityVersion = "Xcode 3.2";
			developmentRegion = English;
			hasScannedForEncodings = 0;
			knownRegions = (
				en,
			);
			mainGroup = EACF01C53FF8E3ECFBC10803;
			productRefGroup = EACF0A957A25CD1B1A993DE3 /* Products */;
			projectDirPath = "";
			projectRoot = "";
			targets = (
				DC96C3BC174DEE9000DB1628 /* LibMBMVC */,
				EACF06DF8F41B3468476ED2C /* MBMvcDemo */,
				DC5946141A810DAE00013118 /* MBMvcTests */,
			);
		};
/* End PBXProject section */

/* Begin PBXResourcesBuildPhase section */
		DC5946131A810DAE00013118 /* Resources */ = {
			isa = PBXResourcesBuildPhase;
			buildActionMask = 2147483647;
			files = (
			);
			runOnlyForDeploymentPostprocessing = 0;
		};
		EACF031C12B9A8C991291EC2 /* Resources */ = {
			isa = PBXResourcesBuildPhase;
			buildActionMask = 2147483647;
			files = (
				EACF07411BAC39CBE2196D50 /* Default.png in Resources */,
				EACF00F3BB9611C843583809 /* Default@2x.png in Resources */,
				EACF0C61DE3198C4072112EA /* Default-568h@2x.png in Resources */,
			);
			runOnlyForDeploymentPostprocessing = 0;
		};
/* End PBXResourcesBuildPhase section */

/* Begin PBXShellScriptBuildPhase section */
		180AFCF9120F4A8E9471BD37 /* Copy Pods Resources */ = {
			isa = PBXShellScriptBuildPhase;
			buildActionMask = 2147483647;
			files = (
			);
			inputPaths = (
			);
			name = "Copy Pods Resources";
			outputPaths = (
			);
			runOnlyForDeploymentPostprocessing = 0;
			shellPath = /bin/sh;
			shellScript = "\"${SRCROOT}/Pods/Target Support Files/Pods/Pods-resources.sh\"\n";
			showEnvVarsInLog = 0;
		};
		4E05F8061C314DB4980E0044 /* Check Pods Manifest.lock */ = {
			isa = PBXShellScriptBuildPhase;
			buildActionMask = 2147483647;
			files = (
			);
			inputPaths = (
			);
			name = "Check Pods Manifest.lock";
			outputPaths = (
			);
			runOnlyForDeploymentPostprocessing = 0;
			shellPath = /bin/sh;
			shellScript = "diff \"${PODS_ROOT}/../Podfile.lock\" \"${PODS_ROOT}/Manifest.lock\" > /dev/null\nif [[ $? != 0 ]] ; then\n    cat << EOM\nerror: The sandbox is not in sync with the Podfile.lock. Run 'pod install' or update your CocoaPods installation.\nEOM\n    exit 1\nfi\n";
			showEnvVarsInLog = 0;
		};
/* End PBXShellScriptBuildPhase section */

/* Begin PBXSourcesBuildPhase section */
		DC5946111A810DAE00013118 /* Sources */ = {
			isa = PBXSourcesBuildPhase;
			buildActionMask = 2147483647;
			files = (
				DC59461A1A810DAE00013118 /* MBMvcTests.m in Sources */,
				EACF0448CAB68FD3E3AF89EB /* TBMBTestRxCommand.m in Sources */,
			);
			runOnlyForDeploymentPostprocessing = 0;
		};
		DC96C3B9174DEE9000DB1628 /* Sources */ = {
			isa = PBXSourcesBuildPhase;
			buildActionMask = 2147483647;
			files = (
				DC96C3C9174DEF3800DB1628 /* TBMBDefaultFacade.m in Sources */,
				DC96C3CA174DEF3800DB1628 /* TBMBDefaultNotification.m in Sources */,
				DC96C3CB174DEF3800DB1628 /* TBMBSimpleStaticCommand.m in Sources */,
				DC96C3CC174DEF3800DB1628 /* TBMBSimpleInstanceCommand.m in Sources */,
				DC96C3CD174DEF3800DB1628 /* TBMBDefaultRootViewController.m in Sources */,
				DC96C3CE174DEF3800DB1628 /* TBMBSimpleSingletonCommand.m in Sources */,
				DC96C3CF174DEF3800DB1628 /* TBMBDefaultMessageReceiver.m in Sources */,
				DC96C3D0174DEF3800DB1628 /* TBMBDefaultPage.m in Sources */,
				DC96C3D1174DEF3800DB1628 /* TBMBDefaultCommandInvocation.m in Sources */,
				DC96C3D2174DEF3800DB1628 /* TBMBDefaultMediator.m in Sources */,
				DC96C3D3174DEF3800DB1628 /* TBMBGlobalFacade.m in Sources */,
				DC96C3D4174DEF3800DB1628 /* TBMBUtil.m in Sources */,
				DC96C3D5174DEF3800DB1628 /* TBMBBind.m in Sources */,
				DC96C3D6174DEF3800DB1628 /* TBMBMessageProxy.m in Sources */,
				DC96C3D7174DEF3800DB1628 /* TBMBDefaultRootViewController+TBMBProxy.m in Sources */,
				DC96C3D8174DEF3800DB1628 /* TBMBSimpleStaticCommand+TBMBProxy.m in Sources */,
				DC96C3D9174DEF3800DB1628 /* TBMBSimpleInstanceCommand+TBMBProxy.m in Sources */,
				DC96C3DA174DEF3800DB1628 /* TBMBDefaultMessageReceiver+TBMBProxy.m in Sources */,
				DC96C3DB174DEF3800DB1628 /* TBMBDefaultMediator+TBMBProxy.m in Sources */,
				EACF02669AA809AB522F6E99 /* TBMBRxCommand.m in Sources */,
				EACF0B0B7385142542B959D3 /* TBMBRxErrorUtil.m in Sources */,
				EACF0613B2ABCD67BE964C7F /* TBMBRxSingletonCommand.m in Sources */,
			);
			runOnlyForDeploymentPostprocessing = 0;
		};
		EACF0116ED57431F76F22C7F /* Sources */ = {
			isa = PBXSourcesBuildPhase;
			buildActionMask = 2147483647;
			files = (
				DC96C3FE174DEF7D00DB1628 /* TBMBAppDelegate.m in Sources */,
				DC96C3FF174DEF7D00DB1628 /* TBMBNavViewController.m in Sources */,
				DC96C400174DEF7D00DB1628 /* main.m in Sources */,
				DC96C401174DEF7D00DB1628 /* TBMBDemoStep1ViewController.m in Sources */,
				DC96C402174DEF7D00DB1628 /* TBMBDemoStep1View.m in Sources */,
				DC96C403174DEF7D00DB1628 /* TBMBNavView.m in Sources */,
				DC96C404174DEF7D00DB1628 /* TBMBNavViewDO.m in Sources */,
				DC96C405174DEF7D00DB1628 /* TBMBDemoRootViewController.m in Sources */,
				DC96C406174DEF7D00DB1628 /* TBMBDemoStep2View.m in Sources */,
				DC96C407174DEF7D00DB1628 /* TBMBDemoStep2ViewController.m in Sources */,
				DC96C408174DEF7D00DB1628 /* TBMBDemoStep2Command.m in Sources */,
				DC96C409174DEF7D00DB1628 /* TBMBDemoStep3View.m in Sources */,
				DC96C40A174DEF7D00DB1628 /* TBMBDemoStep3ViewController.m in Sources */,
				DC96C40B174DEF7D00DB1628 /* TBMBDemoStep3Command.m in Sources */,
				DC96C40C174DEF7D00DB1628 /* TBMBDemoStep4View.m in Sources */,
				DC96C40D174DEF7D00DB1628 /* TBMBDemoStep4ViewDO.m in Sources */,
				DC96C40E174DEF7D00DB1628 /* TBMBDemoStep4ViewController.m in Sources */,
				DC96C40F174DEF7D00DB1628 /* TBMBDemoStep5View.m in Sources */,
				DC96C410174DEF7D00DB1628 /* TBMBDemoStep5ViewDO.m in Sources */,
				DC96C411174DEF7D00DB1628 /* TBMBDemoStep5ViewController.m in Sources */,
				DC96C412174DEF7D00DB1628 /* TBMBDemoStep5Command.m in Sources */,
				DC96C413174DEF7D00DB1628 /* TBMBTestMemoryView.m in Sources */,
				DC96C414174DEF7D00DB1628 /* TBMBTestMemoryViewController.m in Sources */,
				DC96C415174DEF7D00DB1628 /* TBMBTestInterceptorView.m in Sources */,
				DC96C416174DEF7D00DB1628 /* TBMBTestInterceptorViewDO.m in Sources */,
				DC96C417174DEF7D00DB1628 /* TBMBTestInterceptorViewController.m in Sources */,
				DC96C418174DEF7D00DB1628 /* TBMBLogInterceptor.m in Sources */,
				DC96C419174DEF7D00DB1628 /* TBMBAutoNilDelegateView.m in Sources */,
				DC96C41A174DEF7D00DB1628 /* TBMBAutoNilDelegateViewDO.m in Sources */,
				DC96C41B174DEF7D00DB1628 /* TBMBAutoNilDelegateViewController.m in Sources */,
				DC96C41C174DEF7D00DB1628 /* TBMBDemoStep6ViewController.m in Sources */,
				DC96C41D174DEF7D00DB1628 /* TBMBDemoStep6View.m in Sources */,
				EACF09E26CCD802A79140A98 /* TBMBDemoStep7ViewController.m in Sources */,
				EACF09143BA0886652B21615 /* TBMBDemoStep7View.m in Sources */,
				EACF0B5311D5283922984A85 /* TBMBDemoStep7ViewModel.m in Sources */,
			);
			runOnlyForDeploymentPostprocessing = 0;
		};
/* End PBXSourcesBuildPhase section */

/* Begin PBXTargetDependency section */
		DC59461D1A810DAE00013118 /* PBXTargetDependency */ = {
			isa = PBXTargetDependency;
			target = DC96C3BC174DEE9000DB1628 /* LibMBMVC */;
			targetProxy = DC59461C1A810DAE00013118 /* PBXContainerItemProxy */;
		};
		DC96C41F174DEF8100DB1628 /* PBXTargetDependency */ = {
			isa = PBXTargetDependency;
			target = DC96C3BC174DEE9000DB1628 /* LibMBMVC */;
			targetProxy = DC96C41E174DEF8100DB1628 /* PBXContainerItemProxy */;
		};
/* End PBXTargetDependency section */

/* Begin XCBuildConfiguration section */
		DC59461F1A810DAE00013118 /* Release */ = {
			isa = XCBuildConfiguration;
			buildSettings = {
				CLANG_ENABLE_MODULES = YES;
				CLANG_WARN_BOOL_CONVERSION = YES;
				CLANG_WARN_CONSTANT_CONVERSION = YES;
				CLANG_WARN_DIRECT_OBJC_ISA_USAGE = YES_ERROR;
				CLANG_WARN_ENUM_CONVERSION = YES;
				CLANG_WARN_INT_CONVERSION = YES;
				CLANG_WARN_OBJC_ROOT_CLASS = YES_ERROR;
				CLANG_WARN_UNREACHABLE_CODE = YES;
				DEAD_CODE_STRIPPING = YES;
				ENABLE_NS_ASSERTIONS = NO;
				ENABLE_STRICT_OBJC_MSGSEND = YES;
				FRAMEWORK_SEARCH_PATHS = (
					"$(SDKROOT)/Developer/Library/Frameworks",
					"$(inherited)",
				);
				GCC_WARN_64_TO_32_BIT_CONVERSION = YES;
				GCC_WARN_ABOUT_RETURN_TYPE = YES_ERROR;
				GCC_WARN_UNDECLARED_SELECTOR = YES;
				GCC_WARN_UNINITIALIZED_AUTOS = YES_AGGRESSIVE;
				GCC_WARN_UNUSED_FUNCTION = YES;
				INFOPLIST_FILE = MBMvcTests/Info.plist;
				IPHONEOS_DEPLOYMENT_TARGET = 8.1;
				LD_RUNPATH_SEARCH_PATHS = "$(inherited) @executable_path/Frameworks @loader_path/Frameworks";
				LIBRARY_SEARCH_PATHS = (
					"$(inherited)",
					"$(PROJECT_DIR)/Pods/build/Debug-iphoneos",
				);
				MTL_ENABLE_DEBUG_INFO = NO;
				OTHER_LDFLAGS = (
					"$(inherited)",
					"-ObjC",
				);
				PRODUCT_NAME = "$(TARGET_NAME)";
				USER_HEADER_SEARCH_PATHS = "\"${PROJECT_DIR}/Pods\"/** \"${PROJECT_DIR}/Pods\"/** \"${PROJECT_DIR}/Pods\"/**";
			};
			name = Release;
		};
		DC5946201A810DAE00013118 /* Debug */ = {
			isa = XCBuildConfiguration;
			buildSettings = {
				CLANG_ENABLE_MODULES = YES;
				CLANG_WARN_BOOL_CONVERSION = YES;
				CLANG_WARN_CONSTANT_CONVERSION = YES;
				CLANG_WARN_DIRECT_OBJC_ISA_USAGE = YES_ERROR;
				CLANG_WARN_ENUM_CONVERSION = YES;
				CLANG_WARN_INT_CONVERSION = YES;
				CLANG_WARN_OBJC_ROOT_CLASS = YES_ERROR;
				CLANG_WARN_UNREACHABLE_CODE = YES;
				DEAD_CODE_STRIPPING = YES;
				ENABLE_STRICT_OBJC_MSGSEND = YES;
				FRAMEWORK_SEARCH_PATHS = (
					"$(SDKROOT)/Developer/Library/Frameworks",
					"$(inherited)",
				);
				GCC_PREPROCESSOR_DEFINITIONS = (
					"DEBUG=1",
					"$(inherited)",
				);
				GCC_WARN_64_TO_32_BIT_CONVERSION = YES;
				GCC_WARN_ABOUT_RETURN_TYPE = YES_ERROR;
				GCC_WARN_UNDECLARED_SELECTOR = YES;
				GCC_WARN_UNINITIALIZED_AUTOS = YES_AGGRESSIVE;
				GCC_WARN_UNUSED_FUNCTION = YES;
				INFOPLIST_FILE = MBMvcTests/Info.plist;
				IPHONEOS_DEPLOYMENT_TARGET = 8.1;
				LD_RUNPATH_SEARCH_PATHS = "$(inherited) @executable_path/Frameworks @loader_path/Frameworks";
				LIBRARY_SEARCH_PATHS = (
					"$(inherited)",
					"$(PROJECT_DIR)/Pods/build/Debug-iphoneos",
				);
				MTL_ENABLE_DEBUG_INFO = YES;
				OTHER_LDFLAGS = (
					"$(inherited)",
					"-ObjC",
				);
				PRODUCT_NAME = "$(TARGET_NAME)";
				USER_HEADER_SEARCH_PATHS = "\"${PROJECT_DIR}/Pods\"/** \"${PROJECT_DIR}/Pods\"/** \"${PROJECT_DIR}/Pods\"/**";
			};
			name = Debug;
		};
		DC96C3C7174DEE9000DB1628 /* Release */ = {
			isa = XCBuildConfiguration;
			baseConfigurationReference = 1CF778F6DC19D2401CC0CE41 /* Pods.release.xcconfig */;
			buildSettings = {
				CLANG_WARN_CONSTANT_CONVERSION = YES;
				CLANG_WARN_ENUM_CONVERSION = YES;
				CLANG_WARN_INT_CONVERSION = YES;
				DEAD_CODE_STRIPPING = YES;
				DSTROOT = /tmp/LibMBMVC.dst;
				GCC_PRECOMPILE_PREFIX_HEADER = YES;
				GCC_PREFIX_HEADER = "";
				IPHONEOS_DEPLOYMENT_TARGET = 6.0;
				OTHER_LDFLAGS = "$(inherited)";
				PRODUCT_NAME = "$(TARGET_NAME)";
				SKIP_INSTALL = YES;
			};
			name = Release;
		};
		DC96C3C8174DEE9000DB1628 /* Debug */ = {
			isa = XCBuildConfiguration;
			baseConfigurationReference = 63457FF1F2CF8987F05B28EC /* Pods.debug.xcconfig */;
			buildSettings = {
				CLANG_WARN_CONSTANT_CONVERSION = YES;
				CLANG_WARN_ENUM_CONVERSION = YES;
				CLANG_WARN_INT_CONVERSION = YES;
				DEAD_CODE_STRIPPING = YES;
				DSTROOT = /tmp/LibMBMVC.dst;
				GCC_PRECOMPILE_PREFIX_HEADER = YES;
				GCC_PREFIX_HEADER = "";
				IPHONEOS_DEPLOYMENT_TARGET = 6.0;
				OTHER_LDFLAGS = "$(inherited)";
				PRODUCT_NAME = "$(TARGET_NAME)";
				SKIP_INSTALL = YES;
			};
			name = Debug;
		};
		EACF014063A94A899F6C9716 /* Release */ = {
			isa = XCBuildConfiguration;
			buildSettings = {
				GCC_PRECOMPILE_PREFIX_HEADER = YES;
				GCC_PREFIX_HEADER = "Demo/MBMvc-Prefix.pch";
				INFOPLIST_FILE = "Demo/MBMvc-Info.plist";
				IPHONEOS_DEPLOYMENT_TARGET = 5.0;
				OTHER_LDFLAGS = (
					"$(inherited)",
					"-ObjC",
				);
				PRODUCT_NAME = "$(TARGET_NAME)";
				USER_HEADER_SEARCH_PATHS = "\"${PROJECT_DIR}/Pods\"/** \"${PROJECT_DIR}/Pods\"/** \"${PROJECT_DIR}/Pods\"/** \"${PROJECT_DIR}/Pods\"/** \"${PROJECT_DIR}/Pods\"/** \"${PROJECT_DIR}/Pods\"/** \"${PROJECT_DIR}/Pods\"/** \"${PROJECT_DIR}/Pods\"/** \"${PROJECT_DIR}/Pods\"/** \"${PROJECT_DIR}/Pods\"/** \"${PROJECT_DIR}/Pods\"/** \"${PROJECT_DIR}/Pods\"/** \"${PROJECT_DIR}/Pods\"/**";
				WRAPPER_EXTENSION = app;
			};
			name = Release;
		};
		EACF068EF391AB4DABA4E283 /* Debug */ = {
			isa = XCBuildConfiguration;
			buildSettings = {
				GCC_PRECOMPILE_PREFIX_HEADER = YES;
				GCC_PREFIX_HEADER = "Demo/MBMvc-Prefix.pch";
				INFOPLIST_FILE = "Demo/MBMvc-Info.plist";
				IPHONEOS_DEPLOYMENT_TARGET = 5.0;
				OTHER_LDFLAGS = (
					"$(inherited)",
					"-ObjC",
				);
				PRODUCT_NAME = "$(TARGET_NAME)";
				USER_HEADER_SEARCH_PATHS = "\"${PROJECT_DIR}/Pods\"/** \"${PROJECT_DIR}/Pods\"/** \"${PROJECT_DIR}/Pods\"/** \"${PROJECT_DIR}/Pods\"/** \"${PROJECT_DIR}/Pods\"/** \"${PROJECT_DIR}/Pods\"/** \"${PROJECT_DIR}/Pods\"/** \"${PROJECT_DIR}/Pods\"/** \"${PROJECT_DIR}/Pods\"/** \"${PROJECT_DIR}/Pods\"/** \"${PROJECT_DIR}/Pods\"/** \"${PROJECT_DIR}/Pods\"/** \"${PROJECT_DIR}/Pods\"/**";
				WRAPPER_EXTENSION = app;
			};
			name = Debug;
		};
		EACF0C6C631DD5B8C5CC7957 /* Release */ = {
			isa = XCBuildConfiguration;
			buildSettings = {
				ALWAYS_SEARCH_USER_PATHS = NO;
				CLANG_CXX_LANGUAGE_STANDARD = "gnu++0x";
				CLANG_CXX_LIBRARY = "libc++";
				CLANG_ENABLE_OBJC_ARC = YES;
				CLANG_WARN_EMPTY_BODY = YES;
				CLANG_WARN__DUPLICATE_METHOD_MATCH = YES;
				"CODE_SIGN_IDENTITY[sdk=iphoneos*]" = "iPhone Developer";
				COPY_PHASE_STRIP = YES;
				GCC_C_LANGUAGE_STANDARD = gnu99;
				GCC_WARN_ABOUT_RETURN_TYPE = YES;
				GCC_WARN_UNINITIALIZED_AUTOS = YES;
				GCC_WARN_UNUSED_VARIABLE = YES;
				IPHONEOS_DEPLOYMENT_TARGET = 6.0;
				OTHER_CFLAGS = "-DNS_BLOCK_ASSERTIONS=1";
				OTHER_LDFLAGS = "$(inherited)";
				SDKROOT = iphoneos;
				VALIDATE_PRODUCT = YES;
			};
			name = Release;
		};
		EACF0C841C85C5388154BEE3 /* Debug */ = {
			isa = XCBuildConfiguration;
			buildSettings = {
				ALWAYS_SEARCH_USER_PATHS = NO;
				CLANG_CXX_LANGUAGE_STANDARD = "gnu++0x";
				CLANG_CXX_LIBRARY = "libc++";
				CLANG_ENABLE_OBJC_ARC = YES;
				CLANG_WARN_EMPTY_BODY = YES;
				CLANG_WARN__DUPLICATE_METHOD_MATCH = YES;
				"CODE_SIGN_IDENTITY[sdk=iphoneos*]" = "iPhone Developer";
				COPY_PHASE_STRIP = NO;
				GCC_C_LANGUAGE_STANDARD = gnu99;
				GCC_DYNAMIC_NO_PIC = NO;
				GCC_OPTIMIZATION_LEVEL = 0;
				GCC_PREPROCESSOR_DEFINITIONS = (
					"DEBUG=1",
					"$(inherited)",
				);
				GCC_SYMBOLS_PRIVATE_EXTERN = NO;
				GCC_WARN_ABOUT_RETURN_TYPE = YES;
				GCC_WARN_UNINITIALIZED_AUTOS = YES;
				GCC_WARN_UNUSED_VARIABLE = YES;
				IPHONEOS_DEPLOYMENT_TARGET = 6.0;
				ONLY_ACTIVE_ARCH = YES;
				OTHER_LDFLAGS = "$(inherited)";
				SDKROOT = iphoneos;
			};
			name = Debug;
		};
/* End XCBuildConfiguration section */

/* Begin XCConfigurationList section */
		DC59461E1A810DAE00013118 /* Build configuration list for PBXNativeTarget "MBMvcTests" */ = {
			isa = XCConfigurationList;
			buildConfigurations = (
				DC59461F1A810DAE00013118 /* Release */,
				DC5946201A810DAE00013118 /* Debug */,
			);
			defaultConfigurationIsVisible = 0;
			defaultConfigurationName = Release;
		};
		DC96C3C6174DEE9000DB1628 /* Build configuration list for PBXNativeTarget "LibMBMVC" */ = {
			isa = XCConfigurationList;
			buildConfigurations = (
				DC96C3C7174DEE9000DB1628 /* Release */,
				DC96C3C8174DEE9000DB1628 /* Debug */,
			);
			defaultConfigurationIsVisible = 0;
			defaultConfigurationName = Release;
		};
		EACF0C4F49E5BBA22DC6BB9A /* Build configuration list for PBXProject "MBMvc" */ = {
			isa = XCConfigurationList;
			buildConfigurations = (
				EACF0C6C631DD5B8C5CC7957 /* Release */,
				EACF0C841C85C5388154BEE3 /* Debug */,
			);
			defaultConfigurationIsVisible = 0;
			defaultConfigurationName = Release;
		};
		EACF0F9A6CF11B71A8FFBEBF /* Build configuration list for PBXNativeTarget "MBMvcDemo" */ = {
			isa = XCConfigurationList;
			buildConfigurations = (
				EACF014063A94A899F6C9716 /* Release */,
				EACF068EF391AB4DABA4E283 /* Debug */,
			);
			defaultConfigurationIsVisible = 0;
			defaultConfigurationName = Release;
		};
/* End XCConfigurationList section */
	};
	rootObject = EACF0E4522CC4FD51B67D723 /* Project object */;
}
